
Microsoft Visual Studio Solution File, Format Version 12.00
# Visual Studio 2013
VisualStudioVersion = 12.0.31101.0
MinimumVisualStudioVersion = 10.0.40219.1
Project("{2150E333-8FDC-42A3-9474-1A3956D46DE8}") = "starpadLibs", "starpadLibs", "{A86EF77E-C767-485A-A281-6CC6D863ECFF}"
EndProject
Project("{FAE04EC0-301F-11D3-BF4B-00C04F79EFBC}") = "PanoramicData", "PanoramicData\PanoramicData.csproj", "{6949B4C5-DAD5-4CF1-B8CB-FB5966559B81}"
EndProject
Project("{2150E333-8FDC-42A3-9474-1A3956D46DE8}") = "libs", "libs", "{EA49A9D8-FD9F-45E0-878A-9214BDAA4388}"
EndProject
Project("{FAE04EC0-301F-11D3-BF4B-00C04F79EFBC}") = "PanoramicDataModel", "libs\PanoramicDataService\PanoramicDataModel\PanoramicDataModel.csproj", "{34B328D4-255F-499E-851C-1B7407B68D65}"
EndProject
Project("{FAE04EC0-301F-11D3-BF4B-00C04F79EFBC}") = "PanoramicDataDBConnector", "libs\PanoramicDataService\PanoramicDataDBConnector\PanoramicDataDBConnector.csproj", "{4508EB8E-5DDC-4122-9CAE-B3A82848CC09}"
EndProject
Project("{00D1A9C2-B5F0-4AF3-8072-F6C62B433612}") = "PanoramicDataSQL", "libs\PanoramicDataSQL\PanoramicDataSQL.sqlproj", "{0D508AF2-DC83-4A2D-8D92-B18DCDF360A0}"
EndProject
Project("{FAE04EC0-301F-11D3-BF4B-00C04F79EFBC}") = "CombinedInputAPI", "libs\CombinedInputAPI\CombinedInputAPI.csproj", "{EAFDD97A-C8A2-4263-85FF-7300778D9111}"
EndProject
Project("{FAE04EC0-301F-11D3-BF4B-00C04F79EFBC}") = "Farseer Physics", "libs\Farseer Physics Engine 3.3.1\Farseer Physics.csproj", "{A4610E4C-DD34-428B-BABB-779CA0B5993A}"
EndProject
Project("{FAE04EC0-301F-11D3-BF4B-00C04F79EFBC}") = "Geom", "libs\Geom\Geom.csproj", "{25C89864-6C12-4AAC-864C-D52174926B1F}"
EndProject
Global
	GlobalSection(SolutionConfigurationPlatforms) = preSolution
		CD_ROM|Any CPU = CD_ROM|Any CPU
		CD_ROM|ARM = CD_ROM|ARM
		CD_ROM|Mixed Platforms = CD_ROM|Mixed Platforms
		CD_ROM|x64 = CD_ROM|x64
		CD_ROM|x86 = CD_ROM|x86
		Debug|Any CPU = Debug|Any CPU
		Debug|ARM = Debug|ARM
		Debug|Mixed Platforms = Debug|Mixed Platforms
		Debug|x64 = Debug|x64
		Debug|x86 = Debug|x86
		DVD-5|Any CPU = DVD-5|Any CPU
		DVD-5|ARM = DVD-5|ARM
		DVD-5|Mixed Platforms = DVD-5|Mixed Platforms
		DVD-5|x64 = DVD-5|x64
		DVD-5|x86 = DVD-5|x86
		Release_RTT|Any CPU = Release_RTT|Any CPU
		Release_RTT|ARM = Release_RTT|ARM
		Release_RTT|Mixed Platforms = Release_RTT|Mixed Platforms
		Release_RTT|x64 = Release_RTT|x64
		Release_RTT|x86 = Release_RTT|x86
		Release|Any CPU = Release|Any CPU
		Release|ARM = Release|ARM
		Release|Mixed Platforms = Release|Mixed Platforms
		Release|x64 = Release|x64
		Release|x86 = Release|x86
		Restricted Release|Any CPU = Restricted Release|Any CPU
		Restricted Release|ARM = Restricted Release|ARM
		Restricted Release|Mixed Platforms = Restricted Release|Mixed Platforms
		Restricted Release|x64 = Restricted Release|x64
		Restricted Release|x86 = Restricted Release|x86
		SingleImage|Any CPU = SingleImage|Any CPU
		SingleImage|ARM = SingleImage|ARM
		SingleImage|Mixed Platforms = SingleImage|Mixed Platforms
		SingleImage|x64 = SingleImage|x64
		SingleImage|x86 = SingleImage|x86
	EndGlobalSection
	GlobalSection(ProjectConfigurationPlatforms) = postSolution
		{6949B4C5-DAD5-4CF1-B8CB-FB5966559B81}.CD_ROM|Any CPU.ActiveCfg = Release|Any CPU
		{6949B4C5-DAD5-4CF1-B8CB-FB5966559B81}.CD_ROM|Any CPU.Build.0 = Release|Any CPU
		{6949B4C5-DAD5-4CF1-B8CB-FB5966559B81}.CD_ROM|ARM.ActiveCfg = Release|Any CPU
		{6949B4C5-DAD5-4CF1-B8CB-FB5966559B81}.CD_ROM|Mixed Platforms.ActiveCfg = Release|Any CPU
		{6949B4C5-DAD5-4CF1-B8CB-FB5966559B81}.CD_ROM|Mixed Platforms.Build.0 = Release|Any CPU
		{6949B4C5-DAD5-4CF1-B8CB-FB5966559B81}.CD_ROM|x64.ActiveCfg = Release|Any CPU
		{6949B4C5-DAD5-4CF1-B8CB-FB5966559B81}.CD_ROM|x86.ActiveCfg = Release|Any CPU
		{6949B4C5-DAD5-4CF1-B8CB-FB5966559B81}.Debug|Any CPU.ActiveCfg = Debug|Any CPU
		{6949B4C5-DAD5-4CF1-B8CB-FB5966559B81}.Debug|Any CPU.Build.0 = Debug|Any CPU
		{6949B4C5-DAD5-4CF1-B8CB-FB5966559B81}.Debug|ARM.ActiveCfg = Debug|Any CPU
		{6949B4C5-DAD5-4CF1-B8CB-FB5966559B81}.Debug|Mixed Platforms.ActiveCfg = Debug|Any CPU
		{6949B4C5-DAD5-4CF1-B8CB-FB5966559B81}.Debug|Mixed Platforms.Build.0 = Debug|Any CPU
		{6949B4C5-DAD5-4CF1-B8CB-FB5966559B81}.Debug|x64.ActiveCfg = Debug|x64
		{6949B4C5-DAD5-4CF1-B8CB-FB5966559B81}.Debug|x64.Build.0 = Debug|x64
		{6949B4C5-DAD5-4CF1-B8CB-FB5966559B81}.Debug|x86.ActiveCfg = Debug|x86
		{6949B4C5-DAD5-4CF1-B8CB-FB5966559B81}.Debug|x86.Build.0 = Debug|x86
		{6949B4C5-DAD5-4CF1-B8CB-FB5966559B81}.DVD-5|Any CPU.ActiveCfg = Debug|Any CPU
		{6949B4C5-DAD5-4CF1-B8CB-FB5966559B81}.DVD-5|Any CPU.Build.0 = Debug|Any CPU
		{6949B4C5-DAD5-4CF1-B8CB-FB5966559B81}.DVD-5|ARM.ActiveCfg = Debug|Any CPU
		{6949B4C5-DAD5-4CF1-B8CB-FB5966559B81}.DVD-5|Mixed Platforms.ActiveCfg = Debug|Any CPU
		{6949B4C5-DAD5-4CF1-B8CB-FB5966559B81}.DVD-5|Mixed Platforms.Build.0 = Debug|Any CPU
		{6949B4C5-DAD5-4CF1-B8CB-FB5966559B81}.DVD-5|x64.ActiveCfg = Debug|Any CPU
		{6949B4C5-DAD5-4CF1-B8CB-FB5966559B81}.DVD-5|x86.ActiveCfg = Debug|Any CPU
		{6949B4C5-DAD5-4CF1-B8CB-FB5966559B81}.Release_RTT|Any CPU.ActiveCfg = Release|Any CPU
		{6949B4C5-DAD5-4CF1-B8CB-FB5966559B81}.Release_RTT|Any CPU.Build.0 = Release|Any CPU
		{6949B4C5-DAD5-4CF1-B8CB-FB5966559B81}.Release_RTT|ARM.ActiveCfg = Release|Any CPU
		{6949B4C5-DAD5-4CF1-B8CB-FB5966559B81}.Release_RTT|Mixed Platforms.ActiveCfg = Release|Any CPU
		{6949B4C5-DAD5-4CF1-B8CB-FB5966559B81}.Release_RTT|Mixed Platforms.Build.0 = Release|Any CPU
		{6949B4C5-DAD5-4CF1-B8CB-FB5966559B81}.Release_RTT|x64.ActiveCfg = Release|Any CPU
		{6949B4C5-DAD5-4CF1-B8CB-FB5966559B81}.Release_RTT|x86.ActiveCfg = Release|Any CPU
		{6949B4C5-DAD5-4CF1-B8CB-FB5966559B81}.Release|Any CPU.ActiveCfg = Release|Any CPU
		{6949B4C5-DAD5-4CF1-B8CB-FB5966559B81}.Release|Any CPU.Build.0 = Release|Any CPU
		{6949B4C5-DAD5-4CF1-B8CB-FB5966559B81}.Release|ARM.ActiveCfg = Release|Any CPU
		{6949B4C5-DAD5-4CF1-B8CB-FB5966559B81}.Release|Mixed Platforms.ActiveCfg = Release|Any CPU
		{6949B4C5-DAD5-4CF1-B8CB-FB5966559B81}.Release|Mixed Platforms.Build.0 = Release|Any CPU
		{6949B4C5-DAD5-4CF1-B8CB-FB5966559B81}.Release|x64.ActiveCfg = Release|Any CPU
		{6949B4C5-DAD5-4CF1-B8CB-FB5966559B81}.Release|x86.ActiveCfg = Release|Any CPU
		{6949B4C5-DAD5-4CF1-B8CB-FB5966559B81}.Restricted Release|Any CPU.ActiveCfg = Release|Any CPU
		{6949B4C5-DAD5-4CF1-B8CB-FB5966559B81}.Restricted Release|Any CPU.Build.0 = Release|Any CPU
		{6949B4C5-DAD5-4CF1-B8CB-FB5966559B81}.Restricted Release|ARM.ActiveCfg = Release|Any CPU
		{6949B4C5-DAD5-4CF1-B8CB-FB5966559B81}.Restricted Release|Mixed Platforms.ActiveCfg = Release|Any CPU
		{6949B4C5-DAD5-4CF1-B8CB-FB5966559B81}.Restricted Release|Mixed Platforms.Build.0 = Release|Any CPU
		{6949B4C5-DAD5-4CF1-B8CB-FB5966559B81}.Restricted Release|x64.ActiveCfg = Release|Any CPU
		{6949B4C5-DAD5-4CF1-B8CB-FB5966559B81}.Restricted Release|x86.ActiveCfg = Release|Any CPU
		{6949B4C5-DAD5-4CF1-B8CB-FB5966559B81}.SingleImage|Any CPU.ActiveCfg = Release|Any CPU
		{6949B4C5-DAD5-4CF1-B8CB-FB5966559B81}.SingleImage|Any CPU.Build.0 = Release|Any CPU
		{6949B4C5-DAD5-4CF1-B8CB-FB5966559B81}.SingleImage|ARM.ActiveCfg = Release|Any CPU
		{6949B4C5-DAD5-4CF1-B8CB-FB5966559B81}.SingleImage|Mixed Platforms.ActiveCfg = Release|Any CPU
		{6949B4C5-DAD5-4CF1-B8CB-FB5966559B81}.SingleImage|Mixed Platforms.Build.0 = Release|Any CPU
		{6949B4C5-DAD5-4CF1-B8CB-FB5966559B81}.SingleImage|x64.ActiveCfg = Release|Any CPU
		{6949B4C5-DAD5-4CF1-B8CB-FB5966559B81}.SingleImage|x86.ActiveCfg = Release|Any CPU
		{34B328D4-255F-499E-851C-1B7407B68D65}.CD_ROM|Any CPU.ActiveCfg = Release|Any CPU
		{34B328D4-255F-499E-851C-1B7407B68D65}.CD_ROM|Any CPU.Build.0 = Release|Any CPU
		{34B328D4-255F-499E-851C-1B7407B68D65}.CD_ROM|ARM.ActiveCfg = Release|Any CPU
		{34B328D4-255F-499E-851C-1B7407B68D65}.CD_ROM|Mixed Platforms.ActiveCfg = Release|Any CPU
		{34B328D4-255F-499E-851C-1B7407B68D65}.CD_ROM|Mixed Platforms.Build.0 = Release|Any CPU
		{34B328D4-255F-499E-851C-1B7407B68D65}.CD_ROM|x64.ActiveCfg = Release|Any CPU
		{34B328D4-255F-499E-851C-1B7407B68D65}.CD_ROM|x86.ActiveCfg = Release|Any CPU
		{34B328D4-255F-499E-851C-1B7407B68D65}.Debug|Any CPU.ActiveCfg = Debug|Any CPU
		{34B328D4-255F-499E-851C-1B7407B68D65}.Debug|Any CPU.Build.0 = Debug|Any CPU
		{34B328D4-255F-499E-851C-1B7407B68D65}.Debug|ARM.ActiveCfg = Debug|Any CPU
		{34B328D4-255F-499E-851C-1B7407B68D65}.Debug|Mixed Platforms.ActiveCfg = Debug|Any CPU
		{34B328D4-255F-499E-851C-1B7407B68D65}.Debug|Mixed Platforms.Build.0 = Debug|Any CPU
		{34B328D4-255F-499E-851C-1B7407B68D65}.Debug|x64.ActiveCfg = Debug|Any CPU
		{34B328D4-255F-499E-851C-1B7407B68D65}.Debug|x64.Build.0 = Debug|Any CPU
		{34B328D4-255F-499E-851C-1B7407B68D65}.Debug|x86.ActiveCfg = Debug|Any CPU
		{34B328D4-255F-499E-851C-1B7407B68D65}.Debug|x86.Build.0 = Debug|Any CPU
		{34B328D4-255F-499E-851C-1B7407B68D65}.DVD-5|Any CPU.ActiveCfg = Debug|Any CPU
		{34B328D4-255F-499E-851C-1B7407B68D65}.DVD-5|Any CPU.Build.0 = Debug|Any CPU
		{34B328D4-255F-499E-851C-1B7407B68D65}.DVD-5|ARM.ActiveCfg = Debug|Any CPU
		{34B328D4-255F-499E-851C-1B7407B68D65}.DVD-5|Mixed Platforms.ActiveCfg = Debug|Any CPU
		{34B328D4-255F-499E-851C-1B7407B68D65}.DVD-5|Mixed Platforms.Build.0 = Debug|Any CPU
		{34B328D4-255F-499E-851C-1B7407B68D65}.DVD-5|x64.ActiveCfg = Debug|Any CPU
		{34B328D4-255F-499E-851C-1B7407B68D65}.DVD-5|x86.ActiveCfg = Debug|Any CPU
		{34B328D4-255F-499E-851C-1B7407B68D65}.Release_RTT|Any CPU.ActiveCfg = Release|Any CPU
		{34B328D4-255F-499E-851C-1B7407B68D65}.Release_RTT|Any CPU.Build.0 = Release|Any CPU
		{34B328D4-255F-499E-851C-1B7407B68D65}.Release_RTT|ARM.ActiveCfg = Release|Any CPU
		{34B328D4-255F-499E-851C-1B7407B68D65}.Release_RTT|Mixed Platforms.ActiveCfg = Release|Any CPU
		{34B328D4-255F-499E-851C-1B7407B68D65}.Release_RTT|Mixed Platforms.Build.0 = Release|Any CPU
		{34B328D4-255F-499E-851C-1B7407B68D65}.Release_RTT|x64.ActiveCfg = Release|Any CPU
		{34B328D4-255F-499E-851C-1B7407B68D65}.Release_RTT|x86.ActiveCfg = Release|Any CPU
		{34B328D4-255F-499E-851C-1B7407B68D65}.Release|Any CPU.ActiveCfg = Release|Any CPU
		{34B328D4-255F-499E-851C-1B7407B68D65}.Release|Any CPU.Build.0 = Release|Any CPU
		{34B328D4-255F-499E-851C-1B7407B68D65}.Release|ARM.ActiveCfg = Release|Any CPU
		{34B328D4-255F-499E-851C-1B7407B68D65}.Release|Mixed Platforms.ActiveCfg = Release|Any CPU
		{34B328D4-255F-499E-851C-1B7407B68D65}.Release|Mixed Platforms.Build.0 = Release|Any CPU
		{34B328D4-255F-499E-851C-1B7407B68D65}.Release|x64.ActiveCfg = Release|Any CPU
		{34B328D4-255F-499E-851C-1B7407B68D65}.Release|x86.ActiveCfg = Release|Any CPU
		{34B328D4-255F-499E-851C-1B7407B68D65}.Restricted Release|Any CPU.ActiveCfg = Release|Any CPU
		{34B328D4-255F-499E-851C-1B7407B68D65}.Restricted Release|Any CPU.Build.0 = Release|Any CPU
		{34B328D4-255F-499E-851C-1B7407B68D65}.Restricted Release|ARM.ActiveCfg = Release|Any CPU
		{34B328D4-255F-499E-851C-1B7407B68D65}.Restricted Release|Mixed Platforms.ActiveCfg = Release|Any CPU
		{34B328D4-255F-499E-851C-1B7407B68D65}.Restricted Release|Mixed Platforms.Build.0 = Release|Any CPU
		{34B328D4-255F-499E-851C-1B7407B68D65}.Restricted Release|x64.ActiveCfg = Release|Any CPU
		{34B328D4-255F-499E-851C-1B7407B68D65}.Restricted Release|x86.ActiveCfg = Release|Any CPU
		{34B328D4-255F-499E-851C-1B7407B68D65}.SingleImage|Any CPU.ActiveCfg = Release|Any CPU
		{34B328D4-255F-499E-851C-1B7407B68D65}.SingleImage|Any CPU.Build.0 = Release|Any CPU
		{34B328D4-255F-499E-851C-1B7407B68D65}.SingleImage|ARM.ActiveCfg = Release|Any CPU
		{34B328D4-255F-499E-851C-1B7407B68D65}.SingleImage|Mixed Platforms.ActiveCfg = Release|Any CPU
		{34B328D4-255F-499E-851C-1B7407B68D65}.SingleImage|Mixed Platforms.Build.0 = Release|Any CPU
		{34B328D4-255F-499E-851C-1B7407B68D65}.SingleImage|x64.ActiveCfg = Release|Any CPU
		{34B328D4-255F-499E-851C-1B7407B68D65}.SingleImage|x86.ActiveCfg = Release|Any CPU
		{4508EB8E-5DDC-4122-9CAE-B3A82848CC09}.CD_ROM|Any CPU.ActiveCfg = Release|Any CPU
		{4508EB8E-5DDC-4122-9CAE-B3A82848CC09}.CD_ROM|Any CPU.Build.0 = Release|Any CPU
		{4508EB8E-5DDC-4122-9CAE-B3A82848CC09}.CD_ROM|ARM.ActiveCfg = Release|Any CPU
		{4508EB8E-5DDC-4122-9CAE-B3A82848CC09}.CD_ROM|Mixed Platforms.ActiveCfg = Release|Any CPU
		{4508EB8E-5DDC-4122-9CAE-B3A82848CC09}.CD_ROM|Mixed Platforms.Build.0 = Release|Any CPU
		{4508EB8E-5DDC-4122-9CAE-B3A82848CC09}.CD_ROM|x64.ActiveCfg = Release|Any CPU
		{4508EB8E-5DDC-4122-9CAE-B3A82848CC09}.CD_ROM|x86.ActiveCfg = Release|Any CPU
		{4508EB8E-5DDC-4122-9CAE-B3A82848CC09}.Debug|Any CPU.ActiveCfg = Debug|Any CPU
		{4508EB8E-5DDC-4122-9CAE-B3A82848CC09}.Debug|Any CPU.Build.0 = Debug|Any CPU
		{4508EB8E-5DDC-4122-9CAE-B3A82848CC09}.Debug|ARM.ActiveCfg = Debug|Any CPU
		{4508EB8E-5DDC-4122-9CAE-B3A82848CC09}.Debug|Mixed Platforms.ActiveCfg = Debug|Any CPU
		{4508EB8E-5DDC-4122-9CAE-B3A82848CC09}.Debug|Mixed Platforms.Build.0 = Debug|Any CPU
		{4508EB8E-5DDC-4122-9CAE-B3A82848CC09}.Debug|x64.ActiveCfg = Debug|Any CPU
		{4508EB8E-5DDC-4122-9CAE-B3A82848CC09}.Debug|x64.Build.0 = Debug|Any CPU
		{4508EB8E-5DDC-4122-9CAE-B3A82848CC09}.Debug|x86.ActiveCfg = Debug|Any CPU
		{4508EB8E-5DDC-4122-9CAE-B3A82848CC09}.Debug|x86.Build.0 = Debug|Any CPU
		{4508EB8E-5DDC-4122-9CAE-B3A82848CC09}.DVD-5|Any CPU.ActiveCfg = Debug|Any CPU
		{4508EB8E-5DDC-4122-9CAE-B3A82848CC09}.DVD-5|Any CPU.Build.0 = Debug|Any CPU
		{4508EB8E-5DDC-4122-9CAE-B3A82848CC09}.DVD-5|ARM.ActiveCfg = Debug|Any CPU
		{4508EB8E-5DDC-4122-9CAE-B3A82848CC09}.DVD-5|Mixed Platforms.ActiveCfg = Debug|Any CPU
		{4508EB8E-5DDC-4122-9CAE-B3A82848CC09}.DVD-5|Mixed Platforms.Build.0 = Debug|Any CPU
		{4508EB8E-5DDC-4122-9CAE-B3A82848CC09}.DVD-5|x64.ActiveCfg = Debug|Any CPU
		{4508EB8E-5DDC-4122-9CAE-B3A82848CC09}.DVD-5|x86.ActiveCfg = Debug|Any CPU
		{4508EB8E-5DDC-4122-9CAE-B3A82848CC09}.Release_RTT|Any CPU.ActiveCfg = Release|Any CPU
		{4508EB8E-5DDC-4122-9CAE-B3A82848CC09}.Release_RTT|Any CPU.Build.0 = Release|Any CPU
		{4508EB8E-5DDC-4122-9CAE-B3A82848CC09}.Release_RTT|ARM.ActiveCfg = Release|Any CPU
		{4508EB8E-5DDC-4122-9CAE-B3A82848CC09}.Release_RTT|Mixed Platforms.ActiveCfg = Release|Any CPU
		{4508EB8E-5DDC-4122-9CAE-B3A82848CC09}.Release_RTT|Mixed Platforms.Build.0 = Release|Any CPU
		{4508EB8E-5DDC-4122-9CAE-B3A82848CC09}.Release_RTT|x64.ActiveCfg = Release|Any CPU
		{4508EB8E-5DDC-4122-9CAE-B3A82848CC09}.Release_RTT|x86.ActiveCfg = Release|Any CPU
		{4508EB8E-5DDC-4122-9CAE-B3A82848CC09}.Release|Any CPU.ActiveCfg = Release|Any CPU
		{4508EB8E-5DDC-4122-9CAE-B3A82848CC09}.Release|Any CPU.Build.0 = Release|Any CPU
		{4508EB8E-5DDC-4122-9CAE-B3A82848CC09}.Release|ARM.ActiveCfg = Release|Any CPU
		{4508EB8E-5DDC-4122-9CAE-B3A82848CC09}.Release|Mixed Platforms.ActiveCfg = Release|Any CPU
		{4508EB8E-5DDC-4122-9CAE-B3A82848CC09}.Release|Mixed Platforms.Build.0 = Release|Any CPU
		{4508EB8E-5DDC-4122-9CAE-B3A82848CC09}.Release|x64.ActiveCfg = Release|Any CPU
		{4508EB8E-5DDC-4122-9CAE-B3A82848CC09}.Release|x86.ActiveCfg = Release|Any CPU
		{4508EB8E-5DDC-4122-9CAE-B3A82848CC09}.Restricted Release|Any CPU.ActiveCfg = Release|Any CPU
		{4508EB8E-5DDC-4122-9CAE-B3A82848CC09}.Restricted Release|Any CPU.Build.0 = Release|Any CPU
		{4508EB8E-5DDC-4122-9CAE-B3A82848CC09}.Restricted Release|ARM.ActiveCfg = Release|Any CPU
		{4508EB8E-5DDC-4122-9CAE-B3A82848CC09}.Restricted Release|Mixed Platforms.ActiveCfg = Release|Any CPU
		{4508EB8E-5DDC-4122-9CAE-B3A82848CC09}.Restricted Release|Mixed Platforms.Build.0 = Release|Any CPU
		{4508EB8E-5DDC-4122-9CAE-B3A82848CC09}.Restricted Release|x64.ActiveCfg = Release|Any CPU
		{4508EB8E-5DDC-4122-9CAE-B3A82848CC09}.Restricted Release|x86.ActiveCfg = Release|Any CPU
		{4508EB8E-5DDC-4122-9CAE-B3A82848CC09}.SingleImage|Any CPU.ActiveCfg = Release|Any CPU
		{4508EB8E-5DDC-4122-9CAE-B3A82848CC09}.SingleImage|Any CPU.Build.0 = Release|Any CPU
		{4508EB8E-5DDC-4122-9CAE-B3A82848CC09}.SingleImage|ARM.ActiveCfg = Release|Any CPU
		{4508EB8E-5DDC-4122-9CAE-B3A82848CC09}.SingleImage|Mixed Platforms.ActiveCfg = Release|Any CPU
		{4508EB8E-5DDC-4122-9CAE-B3A82848CC09}.SingleImage|Mixed Platforms.Build.0 = Release|Any CPU
		{4508EB8E-5DDC-4122-9CAE-B3A82848CC09}.SingleImage|x64.ActiveCfg = Release|Any CPU
		{4508EB8E-5DDC-4122-9CAE-B3A82848CC09}.SingleImage|x86.ActiveCfg = Release|Any CPU
		{0D508AF2-DC83-4A2D-8D92-B18DCDF360A0}.CD_ROM|Any CPU.ActiveCfg = Debug|Any CPU
		{0D508AF2-DC83-4A2D-8D92-B18DCDF360A0}.CD_ROM|Any CPU.Build.0 = Debug|Any CPU
		{0D508AF2-DC83-4A2D-8D92-B18DCDF360A0}.CD_ROM|Any CPU.Deploy.0 = Debug|Any CPU
		{0D508AF2-DC83-4A2D-8D92-B18DCDF360A0}.CD_ROM|ARM.ActiveCfg = Debug|Any CPU
		{0D508AF2-DC83-4A2D-8D92-B18DCDF360A0}.CD_ROM|Mixed Platforms.ActiveCfg = Debug|Any CPU
		{0D508AF2-DC83-4A2D-8D92-B18DCDF360A0}.CD_ROM|Mixed Platforms.Build.0 = Debug|Any CPU
		{0D508AF2-DC83-4A2D-8D92-B18DCDF360A0}.CD_ROM|Mixed Platforms.Deploy.0 = Debug|Any CPU
		{0D508AF2-DC83-4A2D-8D92-B18DCDF360A0}.CD_ROM|x64.ActiveCfg = Debug|Any CPU
		{0D508AF2-DC83-4A2D-8D92-B18DCDF360A0}.CD_ROM|x86.ActiveCfg = Debug|Any CPU
		{0D508AF2-DC83-4A2D-8D92-B18DCDF360A0}.Debug|Any CPU.ActiveCfg = Debug|Any CPU
		{0D508AF2-DC83-4A2D-8D92-B18DCDF360A0}.Debug|Any CPU.Build.0 = Debug|Any CPU
		{0D508AF2-DC83-4A2D-8D92-B18DCDF360A0}.Debug|Any CPU.Deploy.0 = Debug|Any CPU
		{0D508AF2-DC83-4A2D-8D92-B18DCDF360A0}.Debug|ARM.ActiveCfg = Debug|Any CPU
		{0D508AF2-DC83-4A2D-8D92-B18DCDF360A0}.Debug|Mixed Platforms.ActiveCfg = Debug|Any CPU
		{0D508AF2-DC83-4A2D-8D92-B18DCDF360A0}.Debug|Mixed Platforms.Build.0 = Debug|Any CPU
		{0D508AF2-DC83-4A2D-8D92-B18DCDF360A0}.Debug|Mixed Platforms.Deploy.0 = Debug|Any CPU
		{0D508AF2-DC83-4A2D-8D92-B18DCDF360A0}.Debug|x64.ActiveCfg = Debug|Any CPU
		{0D508AF2-DC83-4A2D-8D92-B18DCDF360A0}.Debug|x64.Build.0 = Debug|Any CPU
		{0D508AF2-DC83-4A2D-8D92-B18DCDF360A0}.Debug|x86.ActiveCfg = Debug|Any CPU
		{0D508AF2-DC83-4A2D-8D92-B18DCDF360A0}.Debug|x86.Build.0 = Debug|Any CPU
		{0D508AF2-DC83-4A2D-8D92-B18DCDF360A0}.DVD-5|Any CPU.ActiveCfg = Debug|Any CPU
		{0D508AF2-DC83-4A2D-8D92-B18DCDF360A0}.DVD-5|Any CPU.Build.0 = Debug|Any CPU
		{0D508AF2-DC83-4A2D-8D92-B18DCDF360A0}.DVD-5|Any CPU.Deploy.0 = Debug|Any CPU
		{0D508AF2-DC83-4A2D-8D92-B18DCDF360A0}.DVD-5|ARM.ActiveCfg = Debug|Any CPU
		{0D508AF2-DC83-4A2D-8D92-B18DCDF360A0}.DVD-5|Mixed Platforms.ActiveCfg = Debug|Any CPU
		{0D508AF2-DC83-4A2D-8D92-B18DCDF360A0}.DVD-5|Mixed Platforms.Build.0 = Debug|Any CPU
		{0D508AF2-DC83-4A2D-8D92-B18DCDF360A0}.DVD-5|Mixed Platforms.Deploy.0 = Debug|Any CPU
		{0D508AF2-DC83-4A2D-8D92-B18DCDF360A0}.DVD-5|x64.ActiveCfg = Debug|Any CPU
		{0D508AF2-DC83-4A2D-8D92-B18DCDF360A0}.DVD-5|x86.ActiveCfg = Debug|Any CPU
		{0D508AF2-DC83-4A2D-8D92-B18DCDF360A0}.Release_RTT|Any CPU.ActiveCfg = Release|Any CPU
		{0D508AF2-DC83-4A2D-8D92-B18DCDF360A0}.Release_RTT|Any CPU.Build.0 = Release|Any CPU
		{0D508AF2-DC83-4A2D-8D92-B18DCDF360A0}.Release_RTT|Any CPU.Deploy.0 = Release|Any CPU
		{0D508AF2-DC83-4A2D-8D92-B18DCDF360A0}.Release_RTT|ARM.ActiveCfg = Release|Any CPU
		{0D508AF2-DC83-4A2D-8D92-B18DCDF360A0}.Release_RTT|Mixed Platforms.ActiveCfg = Release|Any CPU
		{0D508AF2-DC83-4A2D-8D92-B18DCDF360A0}.Release_RTT|Mixed Platforms.Build.0 = Release|Any CPU
		{0D508AF2-DC83-4A2D-8D92-B18DCDF360A0}.Release_RTT|Mixed Platforms.Deploy.0 = Release|Any CPU
		{0D508AF2-DC83-4A2D-8D92-B18DCDF360A0}.Release_RTT|x64.ActiveCfg = Release|Any CPU
		{0D508AF2-DC83-4A2D-8D92-B18DCDF360A0}.Release_RTT|x86.ActiveCfg = Release|Any CPU
		{0D508AF2-DC83-4A2D-8D92-B18DCDF360A0}.Release|Any CPU.ActiveCfg = Release|Any CPU
		{0D508AF2-DC83-4A2D-8D92-B18DCDF360A0}.Release|Any CPU.Build.0 = Release|Any CPU
		{0D508AF2-DC83-4A2D-8D92-B18DCDF360A0}.Release|Any CPU.Deploy.0 = Release|Any CPU
		{0D508AF2-DC83-4A2D-8D92-B18DCDF360A0}.Release|ARM.ActiveCfg = Release|Any CPU
		{0D508AF2-DC83-4A2D-8D92-B18DCDF360A0}.Release|Mixed Platforms.ActiveCfg = Release|Any CPU
		{0D508AF2-DC83-4A2D-8D92-B18DCDF360A0}.Release|Mixed Platforms.Build.0 = Release|Any CPU
		{0D508AF2-DC83-4A2D-8D92-B18DCDF360A0}.Release|Mixed Platforms.Deploy.0 = Release|Any CPU
		{0D508AF2-DC83-4A2D-8D92-B18DCDF360A0}.Release|x64.ActiveCfg = Release|Any CPU
		{0D508AF2-DC83-4A2D-8D92-B18DCDF360A0}.Release|x86.ActiveCfg = Release|Any CPU
		{0D508AF2-DC83-4A2D-8D92-B18DCDF360A0}.Restricted Release|Any CPU.ActiveCfg = Release|Any CPU
		{0D508AF2-DC83-4A2D-8D92-B18DCDF360A0}.Restricted Release|Any CPU.Build.0 = Release|Any CPU
		{0D508AF2-DC83-4A2D-8D92-B18DCDF360A0}.Restricted Release|Any CPU.Deploy.0 = Release|Any CPU
		{0D508AF2-DC83-4A2D-8D92-B18DCDF360A0}.Restricted Release|ARM.ActiveCfg = Release|Any CPU
		{0D508AF2-DC83-4A2D-8D92-B18DCDF360A0}.Restricted Release|Mixed Platforms.ActiveCfg = Release|Any CPU
		{0D508AF2-DC83-4A2D-8D92-B18DCDF360A0}.Restricted Release|Mixed Platforms.Build.0 = Release|Any CPU
		{0D508AF2-DC83-4A2D-8D92-B18DCDF360A0}.Restricted Release|Mixed Platforms.Deploy.0 = Release|Any CPU
		{0D508AF2-DC83-4A2D-8D92-B18DCDF360A0}.Restricted Release|x64.ActiveCfg = Release|Any CPU
		{0D508AF2-DC83-4A2D-8D92-B18DCDF360A0}.Restricted Release|x86.ActiveCfg = Release|Any CPU
		{0D508AF2-DC83-4A2D-8D92-B18DCDF360A0}.SingleImage|Any CPU.ActiveCfg = Debug|Any CPU
		{0D508AF2-DC83-4A2D-8D92-B18DCDF360A0}.SingleImage|Any CPU.Build.0 = Debug|Any CPU
		{0D508AF2-DC83-4A2D-8D92-B18DCDF360A0}.SingleImage|Any CPU.Deploy.0 = Debug|Any CPU
		{0D508AF2-DC83-4A2D-8D92-B18DCDF360A0}.SingleImage|ARM.ActiveCfg = Debug|Any CPU
		{0D508AF2-DC83-4A2D-8D92-B18DCDF360A0}.SingleImage|Mixed Platforms.ActiveCfg = Debug|Any CPU
		{0D508AF2-DC83-4A2D-8D92-B18DCDF360A0}.SingleImage|Mixed Platforms.Build.0 = Debug|Any CPU
		{0D508AF2-DC83-4A2D-8D92-B18DCDF360A0}.SingleImage|Mixed Platforms.Deploy.0 = Debug|Any CPU
		{0D508AF2-DC83-4A2D-8D92-B18DCDF360A0}.SingleImage|x64.ActiveCfg = Debug|Any CPU
		{0D508AF2-DC83-4A2D-8D92-B18DCDF360A0}.SingleImage|x86.ActiveCfg = Debug|Any CPU
		{EAFDD97A-C8A2-4263-85FF-7300778D9111}.CD_ROM|Any CPU.ActiveCfg = Release|Any CPU
		{EAFDD97A-C8A2-4263-85FF-7300778D9111}.CD_ROM|Any CPU.Build.0 = Release|Any CPU
		{EAFDD97A-C8A2-4263-85FF-7300778D9111}.CD_ROM|ARM.ActiveCfg = Release|Any CPU
		{EAFDD97A-C8A2-4263-85FF-7300778D9111}.CD_ROM|Mixed Platforms.ActiveCfg = Release|Any CPU
		{EAFDD97A-C8A2-4263-85FF-7300778D9111}.CD_ROM|Mixed Platforms.Build.0 = Release|Any CPU
		{EAFDD97A-C8A2-4263-85FF-7300778D9111}.CD_ROM|x64.ActiveCfg = Release|Any CPU
		{EAFDD97A-C8A2-4263-85FF-7300778D9111}.CD_ROM|x86.ActiveCfg = Release|Any CPU
		{EAFDD97A-C8A2-4263-85FF-7300778D9111}.Debug|Any CPU.ActiveCfg = Debug|Any CPU
		{EAFDD97A-C8A2-4263-85FF-7300778D9111}.Debug|Any CPU.Build.0 = Debug|Any CPU
		{EAFDD97A-C8A2-4263-85FF-7300778D9111}.Debug|ARM.ActiveCfg = Debug|Any CPU
		{EAFDD97A-C8A2-4263-85FF-7300778D9111}.Debug|Mixed Platforms.ActiveCfg = Debug|Any CPU
		{EAFDD97A-C8A2-4263-85FF-7300778D9111}.Debug|Mixed Platforms.Build.0 = Debug|Any CPU
		{EAFDD97A-C8A2-4263-85FF-7300778D9111}.Debug|x64.ActiveCfg = Debug|Any CPU
		{EAFDD97A-C8A2-4263-85FF-7300778D9111}.Debug|x86.ActiveCfg = Debug|Any CPU
		{EAFDD97A-C8A2-4263-85FF-7300778D9111}.Debug|x86.Build.0 = Debug|Any CPU
		{EAFDD97A-C8A2-4263-85FF-7300778D9111}.DVD-5|Any CPU.ActiveCfg = Debug|Any CPU
		{EAFDD97A-C8A2-4263-85FF-7300778D9111}.DVD-5|Any CPU.Build.0 = Debug|Any CPU
		{EAFDD97A-C8A2-4263-85FF-7300778D9111}.DVD-5|ARM.ActiveCfg = Debug|Any CPU
		{EAFDD97A-C8A2-4263-85FF-7300778D9111}.DVD-5|Mixed Platforms.ActiveCfg = Debug|Any CPU
		{EAFDD97A-C8A2-4263-85FF-7300778D9111}.DVD-5|Mixed Platforms.Build.0 = Debug|Any CPU
		{EAFDD97A-C8A2-4263-85FF-7300778D9111}.DVD-5|x64.ActiveCfg = Debug|Any CPU
		{EAFDD97A-C8A2-4263-85FF-7300778D9111}.DVD-5|x86.ActiveCfg = Debug|Any CPU
		{EAFDD97A-C8A2-4263-85FF-7300778D9111}.Release_RTT|Any CPU.ActiveCfg = Release|Any CPU
		{EAFDD97A-C8A2-4263-85FF-7300778D9111}.Release_RTT|Any CPU.Build.0 = Release|Any CPU
		{EAFDD97A-C8A2-4263-85FF-7300778D9111}.Release_RTT|ARM.ActiveCfg = Release|Any CPU
		{EAFDD97A-C8A2-4263-85FF-7300778D9111}.Release_RTT|Mixed Platforms.ActiveCfg = Release|Any CPU
		{EAFDD97A-C8A2-4263-85FF-7300778D9111}.Release_RTT|Mixed Platforms.Build.0 = Release|Any CPU
		{EAFDD97A-C8A2-4263-85FF-7300778D9111}.Release_RTT|x64.ActiveCfg = Release|Any CPU
		{EAFDD97A-C8A2-4263-85FF-7300778D9111}.Release_RTT|x86.ActiveCfg = Release|Any CPU
		{EAFDD97A-C8A2-4263-85FF-7300778D9111}.Release|Any CPU.ActiveCfg = Release|Any CPU
		{EAFDD97A-C8A2-4263-85FF-7300778D9111}.Release|Any CPU.Build.0 = Release|Any CPU
		{EAFDD97A-C8A2-4263-85FF-7300778D9111}.Release|ARM.ActiveCfg = Release|Any CPU
		{EAFDD97A-C8A2-4263-85FF-7300778D9111}.Release|Mixed Platforms.ActiveCfg = Release|Any CPU
		{EAFDD97A-C8A2-4263-85FF-7300778D9111}.Release|Mixed Platforms.Build.0 = Release|Any CPU
		{EAFDD97A-C8A2-4263-85FF-7300778D9111}.Release|x64.ActiveCfg = Release|Any CPU
		{EAFDD97A-C8A2-4263-85FF-7300778D9111}.Release|x86.ActiveCfg = Release|Any CPU
		{EAFDD97A-C8A2-4263-85FF-7300778D9111}.Restricted Release|Any CPU.ActiveCfg = Release|Any CPU
		{EAFDD97A-C8A2-4263-85FF-7300778D9111}.Restricted Release|Any CPU.Build.0 = Release|Any CPU
		{EAFDD97A-C8A2-4263-85FF-7300778D9111}.Restricted Release|ARM.ActiveCfg = Release|Any CPU
		{EAFDD97A-C8A2-4263-85FF-7300778D9111}.Restricted Release|Mixed Platforms.ActiveCfg = Release|Any CPU
		{EAFDD97A-C8A2-4263-85FF-7300778D9111}.Restricted Release|Mixed Platforms.Build.0 = Release|Any CPU
		{EAFDD97A-C8A2-4263-85FF-7300778D9111}.Restricted Release|x64.ActiveCfg = Release|Any CPU
		{EAFDD97A-C8A2-4263-85FF-7300778D9111}.Restricted Release|x86.ActiveCfg = Release|Any CPU
		{EAFDD97A-C8A2-4263-85FF-7300778D9111}.SingleImage|Any CPU.ActiveCfg = Release|Any CPU
		{EAFDD97A-C8A2-4263-85FF-7300778D9111}.SingleImage|Any CPU.Build.0 = Release|Any CPU
		{EAFDD97A-C8A2-4263-85FF-7300778D9111}.SingleImage|ARM.ActiveCfg = Release|Any CPU
		{EAFDD97A-C8A2-4263-85FF-7300778D9111}.SingleImage|Mixed Platforms.ActiveCfg = Release|Any CPU
		{EAFDD97A-C8A2-4263-85FF-7300778D9111}.SingleImage|Mixed Platforms.Build.0 = Release|Any CPU
		{EAFDD97A-C8A2-4263-85FF-7300778D9111}.SingleImage|x64.ActiveCfg = Release|Any CPU
		{EAFDD97A-C8A2-4263-85FF-7300778D9111}.SingleImage|x86.ActiveCfg = Release|Any CPU
		{A4610E4C-DD34-428B-BABB-779CA0B5993A}.CD_ROM|Any CPU.ActiveCfg = Release|Any CPU
		{A4610E4C-DD34-428B-BABB-779CA0B5993A}.CD_ROM|Any CPU.Build.0 = Release|Any CPU
		{A4610E4C-DD34-428B-BABB-779CA0B5993A}.CD_ROM|ARM.ActiveCfg = Release|Any CPU
		{A4610E4C-DD34-428B-BABB-779CA0B5993A}.CD_ROM|Mixed Platforms.ActiveCfg = Release|Any CPU
		{A4610E4C-DD34-428B-BABB-779CA0B5993A}.CD_ROM|Mixed Platforms.Build.0 = Release|Any CPU
		{A4610E4C-DD34-428B-BABB-779CA0B5993A}.CD_ROM|x64.ActiveCfg = Release|Any CPU
		{A4610E4C-DD34-428B-BABB-779CA0B5993A}.CD_ROM|x86.ActiveCfg = Release|Any CPU
		{A4610E4C-DD34-428B-BABB-779CA0B5993A}.Debug|Any CPU.ActiveCfg = Debug|Any CPU
		{A4610E4C-DD34-428B-BABB-779CA0B5993A}.Debug|Any CPU.Build.0 = Debug|Any CPU
		{A4610E4C-DD34-428B-BABB-779CA0B5993A}.Debug|ARM.ActiveCfg = Debug|Any CPU
		{A4610E4C-DD34-428B-BABB-779CA0B5993A}.Debug|Mixed Platforms.ActiveCfg = Debug|Any CPU
		{A4610E4C-DD34-428B-BABB-779CA0B5993A}.Debug|Mixed Platforms.Build.0 = Debug|Any CPU
		{A4610E4C-DD34-428B-BABB-779CA0B5993A}.Debug|x64.ActiveCfg = Debug|Any CPU
		{A4610E4C-DD34-428B-BABB-779CA0B5993A}.Debug|x86.ActiveCfg = Debug|Any CPU
		{A4610E4C-DD34-428B-BABB-779CA0B5993A}.Debug|x86.Build.0 = Debug|Any CPU
		{A4610E4C-DD34-428B-BABB-779CA0B5993A}.DVD-5|Any CPU.ActiveCfg = Debug|Any CPU
		{A4610E4C-DD34-428B-BABB-779CA0B5993A}.DVD-5|Any CPU.Build.0 = Debug|Any CPU
		{A4610E4C-DD34-428B-BABB-779CA0B5993A}.DVD-5|ARM.ActiveCfg = Debug|Any CPU
		{A4610E4C-DD34-428B-BABB-779CA0B5993A}.DVD-5|Mixed Platforms.ActiveCfg = Debug|Any CPU
		{A4610E4C-DD34-428B-BABB-779CA0B5993A}.DVD-5|Mixed Platforms.Build.0 = Debug|Any CPU
		{A4610E4C-DD34-428B-BABB-779CA0B5993A}.DVD-5|x64.ActiveCfg = Debug|Any CPU
		{A4610E4C-DD34-428B-BABB-779CA0B5993A}.DVD-5|x86.ActiveCfg = Debug|Any CPU
		{A4610E4C-DD34-428B-BABB-779CA0B5993A}.Release_RTT|Any CPU.ActiveCfg = Release|Any CPU
		{A4610E4C-DD34-428B-BABB-779CA0B5993A}.Release_RTT|Any CPU.Build.0 = Release|Any CPU
		{A4610E4C-DD34-428B-BABB-779CA0B5993A}.Release_RTT|ARM.ActiveCfg = Release|Any CPU
		{A4610E4C-DD34-428B-BABB-779CA0B5993A}.Release_RTT|Mixed Platforms.ActiveCfg = Release|Any CPU
		{A4610E4C-DD34-428B-BABB-779CA0B5993A}.Release_RTT|Mixed Platforms.Build.0 = Release|Any CPU
		{A4610E4C-DD34-428B-BABB-779CA0B5993A}.Release_RTT|x64.ActiveCfg = Release|Any CPU
		{A4610E4C-DD34-428B-BABB-779CA0B5993A}.Release_RTT|x86.ActiveCfg = Release|Any CPU
		{A4610E4C-DD34-428B-BABB-779CA0B5993A}.Release|Any CPU.ActiveCfg = Release|Any CPU
		{A4610E4C-DD34-428B-BABB-779CA0B5993A}.Release|Any CPU.Build.0 = Release|Any CPU
		{A4610E4C-DD34-428B-BABB-779CA0B5993A}.Release|ARM.ActiveCfg = Release|Any CPU
		{A4610E4C-DD34-428B-BABB-779CA0B5993A}.Release|Mixed Platforms.ActiveCfg = Release|Any CPU
		{A4610E4C-DD34-428B-BABB-779CA0B5993A}.Release|Mixed Platforms.Build.0 = Release|Any CPU
		{A4610E4C-DD34-428B-BABB-779CA0B5993A}.Release|x64.ActiveCfg = Release|Any CPU
		{A4610E4C-DD34-428B-BABB-779CA0B5993A}.Release|x86.ActiveCfg = Release|Any CPU
		{A4610E4C-DD34-428B-BABB-779CA0B5993A}.Restricted Release|Any CPU.ActiveCfg = Release|Any CPU
		{A4610E4C-DD34-428B-BABB-779CA0B5993A}.Restricted Release|Any CPU.Build.0 = Release|Any CPU
		{A4610E4C-DD34-428B-BABB-779CA0B5993A}.Restricted Release|ARM.ActiveCfg = Release|Any CPU
		{A4610E4C-DD34-428B-BABB-779CA0B5993A}.Restricted Release|Mixed Platforms.ActiveCfg = Release|Any CPU
		{A4610E4C-DD34-428B-BABB-779CA0B5993A}.Restricted Release|Mixed Platforms.Build.0 = Release|Any CPU
		{A4610E4C-DD34-428B-BABB-779CA0B5993A}.Restricted Release|x64.ActiveCfg = Release|Any CPU
		{A4610E4C-DD34-428B-BABB-779CA0B5993A}.Restricted Release|x86.ActiveCfg = Release|Any CPU
		{A4610E4C-DD34-428B-BABB-779CA0B5993A}.SingleImage|Any CPU.ActiveCfg = Release|Any CPU
		{A4610E4C-DD34-428B-BABB-779CA0B5993A}.SingleImage|Any CPU.Build.0 = Release|Any CPU
		{A4610E4C-DD34-428B-BABB-779CA0B5993A}.SingleImage|ARM.ActiveCfg = Release|Any CPU
		{A4610E4C-DD34-428B-BABB-779CA0B5993A}.SingleImage|Mixed Platforms.ActiveCfg = Release|Any CPU
		{A4610E4C-DD34-428B-BABB-779CA0B5993A}.SingleImage|Mixed Platforms.Build.0 = Release|Any CPU
		{A4610E4C-DD34-428B-BABB-779CA0B5993A}.SingleImage|x64.ActiveCfg = Release|Any CPU
		{A4610E4C-DD34-428B-BABB-779CA0B5993A}.SingleImage|x86.ActiveCfg = Release|Any CPU
		{25C89864-6C12-4AAC-864C-D52174926B1F}.CD_ROM|Any CPU.ActiveCfg = Release|Any CPU
		{25C89864-6C12-4AAC-864C-D52174926B1F}.CD_ROM|Any CPU.Build.0 = Release|Any CPU
		{25C89864-6C12-4AAC-864C-D52174926B1F}.CD_ROM|ARM.ActiveCfg = Release|Any CPU
		{25C89864-6C12-4AAC-864C-D52174926B1F}.CD_ROM|Mixed Platforms.ActiveCfg = Release|Any CPU
		{25C89864-6C12-4AAC-864C-D52174926B1F}.CD_ROM|Mixed Platforms.Build.0 = Release|Any CPU
		{25C89864-6C12-4AAC-864C-D52174926B1F}.CD_ROM|x64.ActiveCfg = Release|Any CPU
		{25C89864-6C12-4AAC-864C-D52174926B1F}.CD_ROM|x86.ActiveCfg = Release|Any CPU
		{25C89864-6C12-4AAC-864C-D52174926B1F}.Debug|Any CPU.ActiveCfg = Debug|Any CPU
		{25C89864-6C12-4AAC-864C-D52174926B1F}.Debug|Any CPU.Build.0 = Debug|Any CPU
		{25C89864-6C12-4AAC-864C-D52174926B1F}.Debug|ARM.ActiveCfg = Debug|Any CPU
		{25C89864-6C12-4AAC-864C-D52174926B1F}.Debug|Mixed Platforms.ActiveCfg = Debug|Any CPU
		{25C89864-6C12-4AAC-864C-D52174926B1F}.Debug|Mixed Platforms.Build.0 = Debug|Any CPU
		{25C89864-6C12-4AAC-864C-D52174926B1F}.Debug|x64.ActiveCfg = Debug|Any CPU
		{25C89864-6C12-4AAC-864C-D52174926B1F}.Debug|x86.ActiveCfg = Debug|Any CPU
		{25C89864-6C12-4AAC-864C-D52174926B1F}.Debug|x86.Build.0 = Debug|Any CPU
		{25C89864-6C12-4AAC-864C-D52174926B1F}.DVD-5|Any CPU.ActiveCfg = Debug|Any CPU
		{25C89864-6C12-4AAC-864C-D52174926B1F}.DVD-5|Any CPU.Build.0 = Debug|Any CPU
		{25C89864-6C12-4AAC-864C-D52174926B1F}.DVD-5|ARM.ActiveCfg = Debug|Any CPU
		{25C89864-6C12-4AAC-864C-D52174926B1F}.DVD-5|Mixed Platforms.ActiveCfg = Debug|Any CPU
		{25C89864-6C12-4AAC-864C-D52174926B1F}.DVD-5|Mixed Platforms.Build.0 = Debug|Any CPU
		{25C89864-6C12-4AAC-864C-D52174926B1F}.DVD-5|x64.ActiveCfg = Debug|Any CPU
		{25C89864-6C12-4AAC-864C-D52174926B1F}.DVD-5|x86.ActiveCfg = Debug|Any CPU
		{25C89864-6C12-4AAC-864C-D52174926B1F}.Release_RTT|Any CPU.ActiveCfg = Release|Any CPU
		{25C89864-6C12-4AAC-864C-D52174926B1F}.Release_RTT|Any CPU.Build.0 = Release|Any CPU
		{25C89864-6C12-4AAC-864C-D52174926B1F}.Release_RTT|ARM.ActiveCfg = Release|Any CPU
		{25C89864-6C12-4AAC-864C-D52174926B1F}.Release_RTT|Mixed Platforms.ActiveCfg = Release|Any CPU
		{25C89864-6C12-4AAC-864C-D52174926B1F}.Release_RTT|Mixed Platforms.Build.0 = Release|Any CPU
		{25C89864-6C12-4AAC-864C-D52174926B1F}.Release_RTT|x64.ActiveCfg = Release|Any CPU
		{25C89864-6C12-4AAC-864C-D52174926B1F}.Release_RTT|x86.ActiveCfg = Release|Any CPU
		{25C89864-6C12-4AAC-864C-D52174926B1F}.Release|Any CPU.ActiveCfg = Release|Any CPU
		{25C89864-6C12-4AAC-864C-D52174926B1F}.Release|Any CPU.Build.0 = Release|Any CPU
		{25C89864-6C12-4AAC-864C-D52174926B1F}.Release|ARM.ActiveCfg = Release|Any CPU
		{25C89864-6C12-4AAC-864C-D52174926B1F}.Release|Mixed Platforms.ActiveCfg = Release|Any CPU
		{25C89864-6C12-4AAC-864C-D52174926B1F}.Release|Mixed Platforms.Build.0 = Release|Any CPU
		{25C89864-6C12-4AAC-864C-D52174926B1F}.Release|x64.ActiveCfg = Release|Any CPU
		{25C89864-6C12-4AAC-864C-D52174926B1F}.Release|x86.ActiveCfg = Release|Any CPU
		{25C89864-6C12-4AAC-864C-D52174926B1F}.Restricted Release|Any CPU.ActiveCfg = Release|Any CPU
		{25C89864-6C12-4AAC-864C-D52174926B1F}.Restricted Release|Any CPU.Build.0 = Release|Any CPU
		{25C89864-6C12-4AAC-864C-D52174926B1F}.Restricted Release|ARM.ActiveCfg = Release|Any CPU
		{25C89864-6C12-4AAC-864C-D52174926B1F}.Restricted Release|Mixed Platforms.ActiveCfg = Release|Any CPU
		{25C89864-6C12-4AAC-864C-D52174926B1F}.Restricted Release|Mixed Platforms.Build.0 = Release|Any CPU
		{25C89864-6C12-4AAC-864C-D52174926B1F}.Restricted Release|x64.ActiveCfg = Release|Any CPU
		{25C89864-6C12-4AAC-864C-D52174926B1F}.Restricted Release|x86.ActiveCfg = Release|Any CPU
		{25C89864-6C12-4AAC-864C-D52174926B1F}.SingleImage|Any CPU.ActiveCfg = Release|Any CPU
		{25C89864-6C12-4AAC-864C-D52174926B1F}.SingleImage|Any CPU.Build.0 = Release|Any CPU
		{25C89864-6C12-4AAC-864C-D52174926B1F}.SingleImage|ARM.ActiveCfg = Release|Any CPU
		{25C89864-6C12-4AAC-864C-D52174926B1F}.SingleImage|Mixed Platforms.ActiveCfg = Release|Any CPU
		{25C89864-6C12-4AAC-864C-D52174926B1F}.SingleImage|Mixed Platforms.Build.0 = Release|Any CPU
		{25C89864-6C12-4AAC-864C-D52174926B1F}.SingleImage|x64.ActiveCfg = Release|Any CPU
		{25C89864-6C12-4AAC-864C-D52174926B1F}.SingleImage|x86.ActiveCfg = Release|Any CPU
	EndGlobalSection
	GlobalSection(SolutionProperties) = preSolution
		HideSolutionNode = FALSE
	EndGlobalSection
	GlobalSection(NestedProjects) = preSolution
		{34B328D4-255F-499E-851C-1B7407B68D65} = {EA49A9D8-FD9F-45E0-878A-9214BDAA4388}
		{4508EB8E-5DDC-4122-9CAE-B3A82848CC09} = {EA49A9D8-FD9F-45E0-878A-9214BDAA4388}
		{0D508AF2-DC83-4A2D-8D92-B18DCDF360A0} = {EA49A9D8-FD9F-45E0-878A-9214BDAA4388}
		{EAFDD97A-C8A2-4263-85FF-7300778D9111} = {EA49A9D8-FD9F-45E0-878A-9214BDAA4388}
		{A4610E4C-DD34-428B-BABB-779CA0B5993A} = {EA49A9D8-FD9F-45E0-878A-9214BDAA4388}
		{25C89864-6C12-4AAC-864C-D52174926B1F} = {EA49A9D8-FD9F-45E0-878A-9214BDAA4388}
	EndGlobalSection
EndGlobal
