
Microsoft Visual Studio Solution File, Format Version 10.00
# Visual Studio 2008
Project("{FAE04EC0-301F-11D3-BF4B-00C04F79EFBC}") = "UniDescribe", "UniDescribe.csproj", "{96FFAC26-32A4-4DC4-B717-6D1A8E93C0CF}"
EndProject
Project("{FAE04EC0-301F-11D3-BF4B-00C04F79EFBC}") = "Unicode", "..\Unicode\Unicode.csproj", "{339136BA-87E4-444A-8847-4E1EA846288E}"
EndProject
Project("{54435603-DBB4-11D2-8724-00A0C9A8B90C}") = "Setup1", "Setup1\Setup1.vdproj", "{C49FA24D-1E1C-4DFA-B26F-55686A5A0488}"
EndProject
Global
	GlobalSection(SolutionConfigurationPlatforms) = preSolution
		Debug|Any CPU = Debug|Any CPU
		Release|Any CPU = Release|Any CPU
	EndGlobalSection
	GlobalSection(ProjectConfigurationPlatforms) = postSolution
		{96FFAC26-32A4-4DC4-B717-6D1A8E93C0CF}.Debug|Any CPU.ActiveCfg = Debug|Any CPU
		{96FFAC26-32A4-4DC4-B717-6D1A8E93C0CF}.Debug|Any CPU.Build.0 = Debug|Any CPU
		{96FFAC26-32A4-4DC4-B717-6D1A8E93C0CF}.Release|Any CPU.ActiveCfg = Release|Any CPU
		{96FFAC26-32A4-4DC4-B717-6D1A8E93C0CF}.Release|Any CPU.Build.0 = Release|Any CPU
		{339136BA-87E4-444A-8847-4E1EA846288E}.Debug|Any CPU.ActiveCfg = Debug|Any CPU
		{339136BA-87E4-444A-8847-4E1EA846288E}.Debug|Any CPU.Build.0 = Debug|Any CPU
		{339136BA-87E4-444A-8847-4E1EA846288E}.Release|Any CPU.ActiveCfg = Release|Any CPU
		{339136BA-87E4-444A-8847-4E1EA846288E}.Release|Any CPU.Build.0 = Release|Any CPU
		{C49FA24D-1E1C-4DFA-B26F-55686A5A0488}.Debug|Any CPU.ActiveCfg = Debug
		{C49FA24D-1E1C-4DFA-B26F-55686A5A0488}.Release|Any CPU.ActiveCfg = Release
	EndGlobalSection
	GlobalSection(SolutionProperties) = preSolution
		HideSolutionNode = FALSE
	EndGlobalSection
EndGlobal
