
Microsoft Visual Studio Solution File, Format Version 12.00
# Visual Studio 2012
Project("{FAE04EC0-301F-11D3-BF4B-00C04F79EFBC}") = "SharpShapes", "SharpShapes\SharpShapes.csproj", "{8FFD6522-8FA4-4D47-9380-1E0E2DCF6834}"
EndProject
Project("{FAE04EC0-301F-11D3-BF4B-00C04F79EFBC}") = "Inq", "..\..\Libs\Inq\Inq.csproj", "{F3D6D741-D9FA-4D76-A2D8-AE4CE3BAA31A}"
EndProject
Project("{FAE04EC0-301F-11D3-BF4B-00C04F79EFBC}") = "Geom", "..\..\Libs\Geom\Geom.csproj", "{25C89864-6C12-4AAC-864C-D52174926B1F}"
EndProject
Project("{FAE04EC0-301F-11D3-BF4B-00C04F79EFBC}") = "Unicode", "..\..\Libs\Utils\Unicode\Unicode.csproj", "{339136BA-87E4-444A-8847-4E1EA846288E}"
EndProject
Project("{FAE04EC0-301F-11D3-BF4B-00C04F79EFBC}") = "Utils", "..\..\Libs\Utils\Utils\Utils.csproj", "{9718DC62-88F9-4B67-A000-B2185CA2C15F}"
EndProject
Project("{FAE04EC0-301F-11D3-BF4B-00C04F79EFBC}") = "CharRecognizer", "..\..\Libs\Math\CharRecognizer\CharRecognizer.csproj", "{AA0998D1-6EA3-4786-B7DE-6E7F260369B0}"
EndProject
Project("{FAE04EC0-301F-11D3-BF4B-00C04F79EFBC}") = "DollarRecognizer", "..\..\Libs\DollarRecognizer\DollarRecognizer.csproj", "{F77B3215-1956-4D77-BC6C-D129130F9F4D}"
EndProject
Project("{FAE04EC0-301F-11D3-BF4B-00C04F79EFBC}") = "ShapeRecognizer", "ShapeRecognizer\ShapeRecognizer.csproj", "{B77C39FF-32D4-4D6B-ABF0-4ED4F758ECA8}"
EndProject
Project("{54435603-DBB4-11D2-8724-00A0C9A8B90C}") = "SharpShapesDemo", "SharpShapesDemo\SharpShapesDemo.vdproj", "{B85DB6AA-90A6-4394-817E-364A4ED88B98}"
EndProject
Project("{FAE04EC0-301F-11D3-BF4B-00C04F79EFBC}") = "InputFrameworkBase", "..\..\Libs\InputFrameworkBase\InputFrameworkBase.csproj", "{133FBAE4-1213-41C7-B7A8-04E3D015A1B0}"
EndProject
Project("{FAE04EC0-301F-11D3-BF4B-00C04F79EFBC}") = "TemplateRecognizer", "TemplateRecognizer\TemplateRecognizer.csproj", "{1547EEA6-1D41-4059-BA0B-102CDFC5A541}"
EndProject
Project("{2150E333-8FDC-42A3-9474-1A3956D46DE8}") = "Solution Items", "Solution Items", "{ABBB6CDA-7F24-45BA-804B-5742D04269D4}"
	ProjectSection(SolutionItems) = preProject
		Local.testsettings = Local.testsettings
		Performance1.psess = Performance1.psess
		Performance2.psess = Performance2.psess
		SharpShapes.vsmdi = SharpShapes.vsmdi
		TraceAndTestImpact.testsettings = TraceAndTestImpact.testsettings
	EndProjectSection
EndProject
Project("{FAE04EC0-301F-11D3-BF4B-00C04F79EFBC}") = "BrownRecognitionCommon", "BrownRecognitionCommon\BrownRecognitionCommon.csproj", "{8B184537-FB39-4E67-BF61-B3B8E27B336A}"
EndProject
Project("{FAE04EC0-301F-11D3-BF4B-00C04F79EFBC}") = "BrownRecognitionAPI", "BrownRecognitionAPI\BrownRecognitionAPI.csproj", "{22684A3D-586A-4574-BAA0-60448710758F}"
EndProject
Project("{FAE04EC0-301F-11D3-BF4B-00C04F79EFBC}") = "BrownRecognitionAPITestSuite", "BrownRecognitionAPITestSuite\BrownRecognitionAPITestSuite.csproj", "{71FC6DBF-22D2-435C-B14F-F5746BB1F6B1}"
EndProject
Project("{FAE04EC0-301F-11D3-BF4B-00C04F79EFBC}") = "InputFramework", "..\..\Libs\InputFramework\InputFramework.csproj", "{9903115A-EE67-4170-B717-ACAEA00C6B14}"
EndProject
Global
	GlobalSection(TestCaseManagementSettings) = postSolution
		CategoryFile = SharpShapes.vsmdi
	EndGlobalSection
	GlobalSection(SolutionConfigurationPlatforms) = preSolution
		Debug|Any CPU = Debug|Any CPU
		Debug|Mixed Platforms = Debug|Mixed Platforms
		Debug|Win32 = Debug|Win32
		Debug|x64 = Debug|x64
		Debug|x86 = Debug|x86
		Release_RTT|Any CPU = Release_RTT|Any CPU
		Release_RTT|Mixed Platforms = Release_RTT|Mixed Platforms
		Release_RTT|Win32 = Release_RTT|Win32
		Release_RTT|x64 = Release_RTT|x64
		Release_RTT|x86 = Release_RTT|x86
		Release|Any CPU = Release|Any CPU
		Release|Mixed Platforms = Release|Mixed Platforms
		Release|Win32 = Release|Win32
		Release|x64 = Release|x64
		Release|x86 = Release|x86
		Restricted Release|Any CPU = Restricted Release|Any CPU
		Restricted Release|Mixed Platforms = Restricted Release|Mixed Platforms
		Restricted Release|Win32 = Restricted Release|Win32
		Restricted Release|x64 = Restricted Release|x64
		Restricted Release|x86 = Restricted Release|x86
	EndGlobalSection
	GlobalSection(ProjectConfigurationPlatforms) = postSolution
		{8FFD6522-8FA4-4D47-9380-1E0E2DCF6834}.Debug|Any CPU.ActiveCfg = Debug|x86
		{8FFD6522-8FA4-4D47-9380-1E0E2DCF6834}.Debug|Mixed Platforms.ActiveCfg = Debug|x86
		{8FFD6522-8FA4-4D47-9380-1E0E2DCF6834}.Debug|Mixed Platforms.Build.0 = Debug|x86
		{8FFD6522-8FA4-4D47-9380-1E0E2DCF6834}.Debug|Win32.ActiveCfg = Debug|x86
		{8FFD6522-8FA4-4D47-9380-1E0E2DCF6834}.Debug|x64.ActiveCfg = Debug|x86
		{8FFD6522-8FA4-4D47-9380-1E0E2DCF6834}.Debug|x86.ActiveCfg = Debug|x86
		{8FFD6522-8FA4-4D47-9380-1E0E2DCF6834}.Debug|x86.Build.0 = Debug|x86
		{8FFD6522-8FA4-4D47-9380-1E0E2DCF6834}.Release_RTT|Any CPU.ActiveCfg = Release|x86
		{8FFD6522-8FA4-4D47-9380-1E0E2DCF6834}.Release_RTT|Mixed Platforms.ActiveCfg = Release|x86
		{8FFD6522-8FA4-4D47-9380-1E0E2DCF6834}.Release_RTT|Mixed Platforms.Build.0 = Release|x86
		{8FFD6522-8FA4-4D47-9380-1E0E2DCF6834}.Release_RTT|Win32.ActiveCfg = Release|x86
		{8FFD6522-8FA4-4D47-9380-1E0E2DCF6834}.Release_RTT|x64.ActiveCfg = Release|x86
		{8FFD6522-8FA4-4D47-9380-1E0E2DCF6834}.Release_RTT|x86.ActiveCfg = Release|x86
		{8FFD6522-8FA4-4D47-9380-1E0E2DCF6834}.Release_RTT|x86.Build.0 = Release|x86
		{8FFD6522-8FA4-4D47-9380-1E0E2DCF6834}.Release|Any CPU.ActiveCfg = Release|x86
		{8FFD6522-8FA4-4D47-9380-1E0E2DCF6834}.Release|Mixed Platforms.ActiveCfg = Release|x86
		{8FFD6522-8FA4-4D47-9380-1E0E2DCF6834}.Release|Mixed Platforms.Build.0 = Release|x86
		{8FFD6522-8FA4-4D47-9380-1E0E2DCF6834}.Release|Win32.ActiveCfg = Release|x86
		{8FFD6522-8FA4-4D47-9380-1E0E2DCF6834}.Release|x64.ActiveCfg = Release|x86
		{8FFD6522-8FA4-4D47-9380-1E0E2DCF6834}.Release|x86.ActiveCfg = Release|x86
		{8FFD6522-8FA4-4D47-9380-1E0E2DCF6834}.Release|x86.Build.0 = Release|x86
		{8FFD6522-8FA4-4D47-9380-1E0E2DCF6834}.Restricted Release|Any CPU.ActiveCfg = Release|x86
		{8FFD6522-8FA4-4D47-9380-1E0E2DCF6834}.Restricted Release|Mixed Platforms.ActiveCfg = Release|x86
		{8FFD6522-8FA4-4D47-9380-1E0E2DCF6834}.Restricted Release|Mixed Platforms.Build.0 = Release|x86
		{8FFD6522-8FA4-4D47-9380-1E0E2DCF6834}.Restricted Release|Win32.ActiveCfg = Release|x86
		{8FFD6522-8FA4-4D47-9380-1E0E2DCF6834}.Restricted Release|x64.ActiveCfg = Release|x86
		{8FFD6522-8FA4-4D47-9380-1E0E2DCF6834}.Restricted Release|x86.ActiveCfg = Release|x86
		{8FFD6522-8FA4-4D47-9380-1E0E2DCF6834}.Restricted Release|x86.Build.0 = Release|x86
		{F3D6D741-D9FA-4D76-A2D8-AE4CE3BAA31A}.Debug|Any CPU.ActiveCfg = Debug|Any CPU
		{F3D6D741-D9FA-4D76-A2D8-AE4CE3BAA31A}.Debug|Any CPU.Build.0 = Debug|Any CPU
		{F3D6D741-D9FA-4D76-A2D8-AE4CE3BAA31A}.Debug|Mixed Platforms.ActiveCfg = Debug|Any CPU
		{F3D6D741-D9FA-4D76-A2D8-AE4CE3BAA31A}.Debug|Mixed Platforms.Build.0 = Debug|Any CPU
		{F3D6D741-D9FA-4D76-A2D8-AE4CE3BAA31A}.Debug|Win32.ActiveCfg = Debug|x64
		{F3D6D741-D9FA-4D76-A2D8-AE4CE3BAA31A}.Debug|x64.ActiveCfg = Debug|x64
		{F3D6D741-D9FA-4D76-A2D8-AE4CE3BAA31A}.Debug|x64.Build.0 = Debug|x64
		{F3D6D741-D9FA-4D76-A2D8-AE4CE3BAA31A}.Debug|x86.ActiveCfg = Debug|x64
		{F3D6D741-D9FA-4D76-A2D8-AE4CE3BAA31A}.Release_RTT|Any CPU.ActiveCfg = Release|x64
		{F3D6D741-D9FA-4D76-A2D8-AE4CE3BAA31A}.Release_RTT|Mixed Platforms.ActiveCfg = Release|x64
		{F3D6D741-D9FA-4D76-A2D8-AE4CE3BAA31A}.Release_RTT|Mixed Platforms.Build.0 = Release|x64
		{F3D6D741-D9FA-4D76-A2D8-AE4CE3BAA31A}.Release_RTT|Win32.ActiveCfg = Release|x64
		{F3D6D741-D9FA-4D76-A2D8-AE4CE3BAA31A}.Release_RTT|x64.ActiveCfg = Release|x64
		{F3D6D741-D9FA-4D76-A2D8-AE4CE3BAA31A}.Release_RTT|x64.Build.0 = Release|x64
		{F3D6D741-D9FA-4D76-A2D8-AE4CE3BAA31A}.Release_RTT|x86.ActiveCfg = Release|x64
		{F3D6D741-D9FA-4D76-A2D8-AE4CE3BAA31A}.Release|Any CPU.ActiveCfg = Release|Any CPU
		{F3D6D741-D9FA-4D76-A2D8-AE4CE3BAA31A}.Release|Any CPU.Build.0 = Release|Any CPU
		{F3D6D741-D9FA-4D76-A2D8-AE4CE3BAA31A}.Release|Mixed Platforms.ActiveCfg = Release|x64
		{F3D6D741-D9FA-4D76-A2D8-AE4CE3BAA31A}.Release|Mixed Platforms.Build.0 = Release|x64
		{F3D6D741-D9FA-4D76-A2D8-AE4CE3BAA31A}.Release|Win32.ActiveCfg = Release|x64
		{F3D6D741-D9FA-4D76-A2D8-AE4CE3BAA31A}.Release|x64.ActiveCfg = Release|x64
		{F3D6D741-D9FA-4D76-A2D8-AE4CE3BAA31A}.Release|x64.Build.0 = Release|x64
		{F3D6D741-D9FA-4D76-A2D8-AE4CE3BAA31A}.Release|x86.ActiveCfg = Release|x64
		{F3D6D741-D9FA-4D76-A2D8-AE4CE3BAA31A}.Restricted Release|Any CPU.ActiveCfg = Release|Any CPU
		{F3D6D741-D9FA-4D76-A2D8-AE4CE3BAA31A}.Restricted Release|Any CPU.Build.0 = Release|Any CPU
		{F3D6D741-D9FA-4D76-A2D8-AE4CE3BAA31A}.Restricted Release|Mixed Platforms.ActiveCfg = Release|x64
		{F3D6D741-D9FA-4D76-A2D8-AE4CE3BAA31A}.Restricted Release|Mixed Platforms.Build.0 = Release|x64
		{F3D6D741-D9FA-4D76-A2D8-AE4CE3BAA31A}.Restricted Release|Win32.ActiveCfg = Release|x64
		{F3D6D741-D9FA-4D76-A2D8-AE4CE3BAA31A}.Restricted Release|x64.ActiveCfg = Release|x64
		{F3D6D741-D9FA-4D76-A2D8-AE4CE3BAA31A}.Restricted Release|x64.Build.0 = Release|x64
		{F3D6D741-D9FA-4D76-A2D8-AE4CE3BAA31A}.Restricted Release|x86.ActiveCfg = Release|x64
		{25C89864-6C12-4AAC-864C-D52174926B1F}.Debug|Any CPU.ActiveCfg = Debug|Any CPU
		{25C89864-6C12-4AAC-864C-D52174926B1F}.Debug|Any CPU.Build.0 = Debug|Any CPU
		{25C89864-6C12-4AAC-864C-D52174926B1F}.Debug|Mixed Platforms.ActiveCfg = Debug|Any CPU
		{25C89864-6C12-4AAC-864C-D52174926B1F}.Debug|Mixed Platforms.Build.0 = Debug|Any CPU
		{25C89864-6C12-4AAC-864C-D52174926B1F}.Debug|Win32.ActiveCfg = Debug|Any CPU
		{25C89864-6C12-4AAC-864C-D52174926B1F}.Debug|x64.ActiveCfg = Debug|Any CPU
		{25C89864-6C12-4AAC-864C-D52174926B1F}.Debug|x86.ActiveCfg = Debug|Any CPU
		{25C89864-6C12-4AAC-864C-D52174926B1F}.Release_RTT|Any CPU.ActiveCfg = Release|Any CPU
		{25C89864-6C12-4AAC-864C-D52174926B1F}.Release_RTT|Any CPU.Build.0 = Release|Any CPU
		{25C89864-6C12-4AAC-864C-D52174926B1F}.Release_RTT|Mixed Platforms.ActiveCfg = Release|Any CPU
		{25C89864-6C12-4AAC-864C-D52174926B1F}.Release_RTT|Mixed Platforms.Build.0 = Release|Any CPU
		{25C89864-6C12-4AAC-864C-D52174926B1F}.Release_RTT|Win32.ActiveCfg = Release|Any CPU
		{25C89864-6C12-4AAC-864C-D52174926B1F}.Release_RTT|x64.ActiveCfg = Release|Any CPU
		{25C89864-6C12-4AAC-864C-D52174926B1F}.Release_RTT|x86.ActiveCfg = Release|Any CPU
		{25C89864-6C12-4AAC-864C-D52174926B1F}.Release|Any CPU.ActiveCfg = Release|Any CPU
		{25C89864-6C12-4AAC-864C-D52174926B1F}.Release|Any CPU.Build.0 = Release|Any CPU
		{25C89864-6C12-4AAC-864C-D52174926B1F}.Release|Mixed Platforms.ActiveCfg = Release|Any CPU
		{25C89864-6C12-4AAC-864C-D52174926B1F}.Release|Mixed Platforms.Build.0 = Release|Any CPU
		{25C89864-6C12-4AAC-864C-D52174926B1F}.Release|Win32.ActiveCfg = Release|Any CPU
		{25C89864-6C12-4AAC-864C-D52174926B1F}.Release|x64.ActiveCfg = Release|Any CPU
		{25C89864-6C12-4AAC-864C-D52174926B1F}.Release|x86.ActiveCfg = Release|Any CPU
		{25C89864-6C12-4AAC-864C-D52174926B1F}.Restricted Release|Any CPU.ActiveCfg = Release|Any CPU
		{25C89864-6C12-4AAC-864C-D52174926B1F}.Restricted Release|Any CPU.Build.0 = Release|Any CPU
		{25C89864-6C12-4AAC-864C-D52174926B1F}.Restricted Release|Mixed Platforms.ActiveCfg = Release|Any CPU
		{25C89864-6C12-4AAC-864C-D52174926B1F}.Restricted Release|Mixed Platforms.Build.0 = Release|Any CPU
		{25C89864-6C12-4AAC-864C-D52174926B1F}.Restricted Release|Win32.ActiveCfg = Release|Any CPU
		{25C89864-6C12-4AAC-864C-D52174926B1F}.Restricted Release|x64.ActiveCfg = Release|Any CPU
		{25C89864-6C12-4AAC-864C-D52174926B1F}.Restricted Release|x86.ActiveCfg = Release|Any CPU
		{339136BA-87E4-444A-8847-4E1EA846288E}.Debug|Any CPU.ActiveCfg = Debug|Any CPU
		{339136BA-87E4-444A-8847-4E1EA846288E}.Debug|Any CPU.Build.0 = Debug|Any CPU
		{339136BA-87E4-444A-8847-4E1EA846288E}.Debug|Mixed Platforms.ActiveCfg = Debug|Any CPU
		{339136BA-87E4-444A-8847-4E1EA846288E}.Debug|Mixed Platforms.Build.0 = Debug|Any CPU
		{339136BA-87E4-444A-8847-4E1EA846288E}.Debug|Win32.ActiveCfg = Debug|Any CPU
		{339136BA-87E4-444A-8847-4E1EA846288E}.Debug|x64.ActiveCfg = Debug|Any CPU
		{339136BA-87E4-444A-8847-4E1EA846288E}.Debug|x86.ActiveCfg = Debug|Any CPU
		{339136BA-87E4-444A-8847-4E1EA846288E}.Release_RTT|Any CPU.ActiveCfg = Release|Any CPU
		{339136BA-87E4-444A-8847-4E1EA846288E}.Release_RTT|Any CPU.Build.0 = Release|Any CPU
		{339136BA-87E4-444A-8847-4E1EA846288E}.Release_RTT|Mixed Platforms.ActiveCfg = Release|Any CPU
		{339136BA-87E4-444A-8847-4E1EA846288E}.Release_RTT|Mixed Platforms.Build.0 = Release|Any CPU
		{339136BA-87E4-444A-8847-4E1EA846288E}.Release_RTT|Win32.ActiveCfg = Release|Any CPU
		{339136BA-87E4-444A-8847-4E1EA846288E}.Release_RTT|x64.ActiveCfg = Release|Any CPU
		{339136BA-87E4-444A-8847-4E1EA846288E}.Release_RTT|x86.ActiveCfg = Release|Any CPU
		{339136BA-87E4-444A-8847-4E1EA846288E}.Release|Any CPU.ActiveCfg = Release|Any CPU
		{339136BA-87E4-444A-8847-4E1EA846288E}.Release|Any CPU.Build.0 = Release|Any CPU
		{339136BA-87E4-444A-8847-4E1EA846288E}.Release|Mixed Platforms.ActiveCfg = Release|Any CPU
		{339136BA-87E4-444A-8847-4E1EA846288E}.Release|Mixed Platforms.Build.0 = Release|Any CPU
		{339136BA-87E4-444A-8847-4E1EA846288E}.Release|Win32.ActiveCfg = Release|Any CPU
		{339136BA-87E4-444A-8847-4E1EA846288E}.Release|x64.ActiveCfg = Release|Any CPU
		{339136BA-87E4-444A-8847-4E1EA846288E}.Release|x86.ActiveCfg = Release|Any CPU
		{339136BA-87E4-444A-8847-4E1EA846288E}.Restricted Release|Any CPU.ActiveCfg = Release|Any CPU
		{339136BA-87E4-444A-8847-4E1EA846288E}.Restricted Release|Any CPU.Build.0 = Release|Any CPU
		{339136BA-87E4-444A-8847-4E1EA846288E}.Restricted Release|Mixed Platforms.ActiveCfg = Release|Any CPU
		{339136BA-87E4-444A-8847-4E1EA846288E}.Restricted Release|Mixed Platforms.Build.0 = Release|Any CPU
		{339136BA-87E4-444A-8847-4E1EA846288E}.Restricted Release|Win32.ActiveCfg = Release|Any CPU
		{339136BA-87E4-444A-8847-4E1EA846288E}.Restricted Release|x64.ActiveCfg = Release|Any CPU
		{339136BA-87E4-444A-8847-4E1EA846288E}.Restricted Release|x86.ActiveCfg = Release|Any CPU
		{9718DC62-88F9-4B67-A000-B2185CA2C15F}.Debug|Any CPU.ActiveCfg = Debug|Any CPU
		{9718DC62-88F9-4B67-A000-B2185CA2C15F}.Debug|Any CPU.Build.0 = Debug|Any CPU
		{9718DC62-88F9-4B67-A000-B2185CA2C15F}.Debug|Mixed Platforms.ActiveCfg = Debug|Any CPU
		{9718DC62-88F9-4B67-A000-B2185CA2C15F}.Debug|Mixed Platforms.Build.0 = Debug|Any CPU
		{9718DC62-88F9-4B67-A000-B2185CA2C15F}.Debug|Win32.ActiveCfg = Debug|Any CPU
		{9718DC62-88F9-4B67-A000-B2185CA2C15F}.Debug|x64.ActiveCfg = Debug|Any CPU
		{9718DC62-88F9-4B67-A000-B2185CA2C15F}.Debug|x86.ActiveCfg = Debug|Any CPU
		{9718DC62-88F9-4B67-A000-B2185CA2C15F}.Release_RTT|Any CPU.ActiveCfg = Release|Any CPU
		{9718DC62-88F9-4B67-A000-B2185CA2C15F}.Release_RTT|Any CPU.Build.0 = Release|Any CPU
		{9718DC62-88F9-4B67-A000-B2185CA2C15F}.Release_RTT|Mixed Platforms.ActiveCfg = Release|Any CPU
		{9718DC62-88F9-4B67-A000-B2185CA2C15F}.Release_RTT|Mixed Platforms.Build.0 = Release|Any CPU
		{9718DC62-88F9-4B67-A000-B2185CA2C15F}.Release_RTT|Win32.ActiveCfg = Release|Any CPU
		{9718DC62-88F9-4B67-A000-B2185CA2C15F}.Release_RTT|x64.ActiveCfg = Release|Any CPU
		{9718DC62-88F9-4B67-A000-B2185CA2C15F}.Release_RTT|x86.ActiveCfg = Release|Any CPU
		{9718DC62-88F9-4B67-A000-B2185CA2C15F}.Release|Any CPU.ActiveCfg = Release|Any CPU
		{9718DC62-88F9-4B67-A000-B2185CA2C15F}.Release|Any CPU.Build.0 = Release|Any CPU
		{9718DC62-88F9-4B67-A000-B2185CA2C15F}.Release|Mixed Platforms.ActiveCfg = Release|Any CPU
		{9718DC62-88F9-4B67-A000-B2185CA2C15F}.Release|Mixed Platforms.Build.0 = Release|Any CPU
		{9718DC62-88F9-4B67-A000-B2185CA2C15F}.Release|Win32.ActiveCfg = Release|Any CPU
		{9718DC62-88F9-4B67-A000-B2185CA2C15F}.Release|x64.ActiveCfg = Release|Any CPU
		{9718DC62-88F9-4B67-A000-B2185CA2C15F}.Release|x86.ActiveCfg = Release|Any CPU
		{9718DC62-88F9-4B67-A000-B2185CA2C15F}.Restricted Release|Any CPU.ActiveCfg = Release|Any CPU
		{9718DC62-88F9-4B67-A000-B2185CA2C15F}.Restricted Release|Any CPU.Build.0 = Release|Any CPU
		{9718DC62-88F9-4B67-A000-B2185CA2C15F}.Restricted Release|Mixed Platforms.ActiveCfg = Release|Any CPU
		{9718DC62-88F9-4B67-A000-B2185CA2C15F}.Restricted Release|Mixed Platforms.Build.0 = Release|Any CPU
		{9718DC62-88F9-4B67-A000-B2185CA2C15F}.Restricted Release|Win32.ActiveCfg = Release|Any CPU
		{9718DC62-88F9-4B67-A000-B2185CA2C15F}.Restricted Release|x64.ActiveCfg = Release|Any CPU
		{9718DC62-88F9-4B67-A000-B2185CA2C15F}.Restricted Release|x86.ActiveCfg = Release|Any CPU
		{AA0998D1-6EA3-4786-B7DE-6E7F260369B0}.Debug|Any CPU.ActiveCfg = Debug|Any CPU
		{AA0998D1-6EA3-4786-B7DE-6E7F260369B0}.Debug|Any CPU.Build.0 = Debug|Any CPU
		{AA0998D1-6EA3-4786-B7DE-6E7F260369B0}.Debug|Mixed Platforms.ActiveCfg = Debug|Any CPU
		{AA0998D1-6EA3-4786-B7DE-6E7F260369B0}.Debug|Mixed Platforms.Build.0 = Debug|Any CPU
		{AA0998D1-6EA3-4786-B7DE-6E7F260369B0}.Debug|Win32.ActiveCfg = Debug|Any CPU
		{AA0998D1-6EA3-4786-B7DE-6E7F260369B0}.Debug|x64.ActiveCfg = Debug|Any CPU
		{AA0998D1-6EA3-4786-B7DE-6E7F260369B0}.Debug|x86.ActiveCfg = Debug|Any CPU
		{AA0998D1-6EA3-4786-B7DE-6E7F260369B0}.Release_RTT|Any CPU.ActiveCfg = Release|Any CPU
		{AA0998D1-6EA3-4786-B7DE-6E7F260369B0}.Release_RTT|Any CPU.Build.0 = Release|Any CPU
		{AA0998D1-6EA3-4786-B7DE-6E7F260369B0}.Release_RTT|Mixed Platforms.ActiveCfg = Release|Any CPU
		{AA0998D1-6EA3-4786-B7DE-6E7F260369B0}.Release_RTT|Mixed Platforms.Build.0 = Release|Any CPU
		{AA0998D1-6EA3-4786-B7DE-6E7F260369B0}.Release_RTT|Win32.ActiveCfg = Release|Any CPU
		{AA0998D1-6EA3-4786-B7DE-6E7F260369B0}.Release_RTT|x64.ActiveCfg = Release|Any CPU
		{AA0998D1-6EA3-4786-B7DE-6E7F260369B0}.Release_RTT|x86.ActiveCfg = Release|Any CPU
		{AA0998D1-6EA3-4786-B7DE-6E7F260369B0}.Release|Any CPU.ActiveCfg = Release|Any CPU
		{AA0998D1-6EA3-4786-B7DE-6E7F260369B0}.Release|Any CPU.Build.0 = Release|Any CPU
		{AA0998D1-6EA3-4786-B7DE-6E7F260369B0}.Release|Mixed Platforms.ActiveCfg = Release|Any CPU
		{AA0998D1-6EA3-4786-B7DE-6E7F260369B0}.Release|Mixed Platforms.Build.0 = Release|Any CPU
		{AA0998D1-6EA3-4786-B7DE-6E7F260369B0}.Release|Win32.ActiveCfg = Release|Any CPU
		{AA0998D1-6EA3-4786-B7DE-6E7F260369B0}.Release|x64.ActiveCfg = Release|Any CPU
		{AA0998D1-6EA3-4786-B7DE-6E7F260369B0}.Release|x86.ActiveCfg = Release|Any CPU
		{AA0998D1-6EA3-4786-B7DE-6E7F260369B0}.Restricted Release|Any CPU.ActiveCfg = Release|Any CPU
		{AA0998D1-6EA3-4786-B7DE-6E7F260369B0}.Restricted Release|Any CPU.Build.0 = Release|Any CPU
		{AA0998D1-6EA3-4786-B7DE-6E7F260369B0}.Restricted Release|Mixed Platforms.ActiveCfg = Release|Any CPU
		{AA0998D1-6EA3-4786-B7DE-6E7F260369B0}.Restricted Release|Mixed Platforms.Build.0 = Release|Any CPU
		{AA0998D1-6EA3-4786-B7DE-6E7F260369B0}.Restricted Release|Win32.ActiveCfg = Release|Any CPU
		{AA0998D1-6EA3-4786-B7DE-6E7F260369B0}.Restricted Release|x64.ActiveCfg = Release|Any CPU
		{AA0998D1-6EA3-4786-B7DE-6E7F260369B0}.Restricted Release|x86.ActiveCfg = Release|Any CPU
		{F77B3215-1956-4D77-BC6C-D129130F9F4D}.Debug|Any CPU.ActiveCfg = Debug|Any CPU
		{F77B3215-1956-4D77-BC6C-D129130F9F4D}.Debug|Any CPU.Build.0 = Debug|Any CPU
		{F77B3215-1956-4D77-BC6C-D129130F9F4D}.Debug|Mixed Platforms.ActiveCfg = Debug|Any CPU
		{F77B3215-1956-4D77-BC6C-D129130F9F4D}.Debug|Mixed Platforms.Build.0 = Debug|Any CPU
		{F77B3215-1956-4D77-BC6C-D129130F9F4D}.Debug|Win32.ActiveCfg = Debug|Any CPU
		{F77B3215-1956-4D77-BC6C-D129130F9F4D}.Debug|x64.ActiveCfg = Debug|Any CPU
		{F77B3215-1956-4D77-BC6C-D129130F9F4D}.Debug|x86.ActiveCfg = Debug|Any CPU
		{F77B3215-1956-4D77-BC6C-D129130F9F4D}.Release_RTT|Any CPU.ActiveCfg = Release|Any CPU
		{F77B3215-1956-4D77-BC6C-D129130F9F4D}.Release_RTT|Any CPU.Build.0 = Release|Any CPU
		{F77B3215-1956-4D77-BC6C-D129130F9F4D}.Release_RTT|Mixed Platforms.ActiveCfg = Release|Any CPU
		{F77B3215-1956-4D77-BC6C-D129130F9F4D}.Release_RTT|Mixed Platforms.Build.0 = Release|Any CPU
		{F77B3215-1956-4D77-BC6C-D129130F9F4D}.Release_RTT|Win32.ActiveCfg = Release|Any CPU
		{F77B3215-1956-4D77-BC6C-D129130F9F4D}.Release_RTT|x64.ActiveCfg = Release|Any CPU
		{F77B3215-1956-4D77-BC6C-D129130F9F4D}.Release_RTT|x86.ActiveCfg = Release|Any CPU
		{F77B3215-1956-4D77-BC6C-D129130F9F4D}.Release|Any CPU.ActiveCfg = Release|Any CPU
		{F77B3215-1956-4D77-BC6C-D129130F9F4D}.Release|Any CPU.Build.0 = Release|Any CPU
		{F77B3215-1956-4D77-BC6C-D129130F9F4D}.Release|Mixed Platforms.ActiveCfg = Release|Any CPU
		{F77B3215-1956-4D77-BC6C-D129130F9F4D}.Release|Mixed Platforms.Build.0 = Release|Any CPU
		{F77B3215-1956-4D77-BC6C-D129130F9F4D}.Release|Win32.ActiveCfg = Release|Any CPU
		{F77B3215-1956-4D77-BC6C-D129130F9F4D}.Release|x64.ActiveCfg = Release|Any CPU
		{F77B3215-1956-4D77-BC6C-D129130F9F4D}.Release|x86.ActiveCfg = Release|Any CPU
		{F77B3215-1956-4D77-BC6C-D129130F9F4D}.Restricted Release|Any CPU.ActiveCfg = Release|Any CPU
		{F77B3215-1956-4D77-BC6C-D129130F9F4D}.Restricted Release|Any CPU.Build.0 = Release|Any CPU
		{F77B3215-1956-4D77-BC6C-D129130F9F4D}.Restricted Release|Mixed Platforms.ActiveCfg = Release|Any CPU
		{F77B3215-1956-4D77-BC6C-D129130F9F4D}.Restricted Release|Mixed Platforms.Build.0 = Release|Any CPU
		{F77B3215-1956-4D77-BC6C-D129130F9F4D}.Restricted Release|Win32.ActiveCfg = Release|Any CPU
		{F77B3215-1956-4D77-BC6C-D129130F9F4D}.Restricted Release|x64.ActiveCfg = Release|Any CPU
		{F77B3215-1956-4D77-BC6C-D129130F9F4D}.Restricted Release|x86.ActiveCfg = Release|Any CPU
		{B77C39FF-32D4-4D6B-ABF0-4ED4F758ECA8}.Debug|Any CPU.ActiveCfg = Debug|Any CPU
		{B77C39FF-32D4-4D6B-ABF0-4ED4F758ECA8}.Debug|Any CPU.Build.0 = Debug|Any CPU
		{B77C39FF-32D4-4D6B-ABF0-4ED4F758ECA8}.Debug|Mixed Platforms.ActiveCfg = Debug|Any CPU
		{B77C39FF-32D4-4D6B-ABF0-4ED4F758ECA8}.Debug|Mixed Platforms.Build.0 = Debug|Any CPU
		{B77C39FF-32D4-4D6B-ABF0-4ED4F758ECA8}.Debug|Win32.ActiveCfg = Debug|Any CPU
		{B77C39FF-32D4-4D6B-ABF0-4ED4F758ECA8}.Debug|x64.ActiveCfg = Debug|Any CPU
		{B77C39FF-32D4-4D6B-ABF0-4ED4F758ECA8}.Debug|x86.ActiveCfg = Debug|Any CPU
		{B77C39FF-32D4-4D6B-ABF0-4ED4F758ECA8}.Release_RTT|Any CPU.ActiveCfg = Release|Any CPU
		{B77C39FF-32D4-4D6B-ABF0-4ED4F758ECA8}.Release_RTT|Any CPU.Build.0 = Release|Any CPU
		{B77C39FF-32D4-4D6B-ABF0-4ED4F758ECA8}.Release_RTT|Mixed Platforms.ActiveCfg = Release|Any CPU
		{B77C39FF-32D4-4D6B-ABF0-4ED4F758ECA8}.Release_RTT|Mixed Platforms.Build.0 = Release|Any CPU
		{B77C39FF-32D4-4D6B-ABF0-4ED4F758ECA8}.Release_RTT|Win32.ActiveCfg = Release|Any CPU
		{B77C39FF-32D4-4D6B-ABF0-4ED4F758ECA8}.Release_RTT|x64.ActiveCfg = Release|Any CPU
		{B77C39FF-32D4-4D6B-ABF0-4ED4F758ECA8}.Release_RTT|x86.ActiveCfg = Release|Any CPU
		{B77C39FF-32D4-4D6B-ABF0-4ED4F758ECA8}.Release|Any CPU.ActiveCfg = Release|Any CPU
		{B77C39FF-32D4-4D6B-ABF0-4ED4F758ECA8}.Release|Any CPU.Build.0 = Release|Any CPU
		{B77C39FF-32D4-4D6B-ABF0-4ED4F758ECA8}.Release|Mixed Platforms.ActiveCfg = Release|Any CPU
		{B77C39FF-32D4-4D6B-ABF0-4ED4F758ECA8}.Release|Mixed Platforms.Build.0 = Release|Any CPU
		{B77C39FF-32D4-4D6B-ABF0-4ED4F758ECA8}.Release|Win32.ActiveCfg = Release|Any CPU
		{B77C39FF-32D4-4D6B-ABF0-4ED4F758ECA8}.Release|x64.ActiveCfg = Release|Any CPU
		{B77C39FF-32D4-4D6B-ABF0-4ED4F758ECA8}.Release|x86.ActiveCfg = Release|Any CPU
		{B77C39FF-32D4-4D6B-ABF0-4ED4F758ECA8}.Restricted Release|Any CPU.ActiveCfg = Release|Any CPU
		{B77C39FF-32D4-4D6B-ABF0-4ED4F758ECA8}.Restricted Release|Any CPU.Build.0 = Release|Any CPU
		{B77C39FF-32D4-4D6B-ABF0-4ED4F758ECA8}.Restricted Release|Mixed Platforms.ActiveCfg = Release|Any CPU
		{B77C39FF-32D4-4D6B-ABF0-4ED4F758ECA8}.Restricted Release|Mixed Platforms.Build.0 = Release|Any CPU
		{B77C39FF-32D4-4D6B-ABF0-4ED4F758ECA8}.Restricted Release|Win32.ActiveCfg = Release|Any CPU
		{B77C39FF-32D4-4D6B-ABF0-4ED4F758ECA8}.Restricted Release|x64.ActiveCfg = Release|Any CPU
		{B77C39FF-32D4-4D6B-ABF0-4ED4F758ECA8}.Restricted Release|x86.ActiveCfg = Release|Any CPU
		{B85DB6AA-90A6-4394-817E-364A4ED88B98}.Debug|Any CPU.ActiveCfg = Debug
		{B85DB6AA-90A6-4394-817E-364A4ED88B98}.Debug|Any CPU.Build.0 = Debug
		{B85DB6AA-90A6-4394-817E-364A4ED88B98}.Debug|Mixed Platforms.ActiveCfg = Debug
		{B85DB6AA-90A6-4394-817E-364A4ED88B98}.Debug|Mixed Platforms.Build.0 = Debug
		{B85DB6AA-90A6-4394-817E-364A4ED88B98}.Debug|Win32.ActiveCfg = Debug
		{B85DB6AA-90A6-4394-817E-364A4ED88B98}.Debug|Win32.Build.0 = Debug
		{B85DB6AA-90A6-4394-817E-364A4ED88B98}.Debug|x64.ActiveCfg = Debug
		{B85DB6AA-90A6-4394-817E-364A4ED88B98}.Debug|x64.Build.0 = Debug
		{B85DB6AA-90A6-4394-817E-364A4ED88B98}.Debug|x86.ActiveCfg = Debug
		{B85DB6AA-90A6-4394-817E-364A4ED88B98}.Debug|x86.Build.0 = Debug
		{B85DB6AA-90A6-4394-817E-364A4ED88B98}.Release_RTT|Any CPU.ActiveCfg = Release
		{B85DB6AA-90A6-4394-817E-364A4ED88B98}.Release_RTT|Any CPU.Build.0 = Release
		{B85DB6AA-90A6-4394-817E-364A4ED88B98}.Release_RTT|Mixed Platforms.ActiveCfg = Release
		{B85DB6AA-90A6-4394-817E-364A4ED88B98}.Release_RTT|Mixed Platforms.Build.0 = Release
		{B85DB6AA-90A6-4394-817E-364A4ED88B98}.Release_RTT|Win32.ActiveCfg = Release
		{B85DB6AA-90A6-4394-817E-364A4ED88B98}.Release_RTT|Win32.Build.0 = Release
		{B85DB6AA-90A6-4394-817E-364A4ED88B98}.Release_RTT|x64.ActiveCfg = Release
		{B85DB6AA-90A6-4394-817E-364A4ED88B98}.Release_RTT|x64.Build.0 = Release
		{B85DB6AA-90A6-4394-817E-364A4ED88B98}.Release_RTT|x86.ActiveCfg = Release
		{B85DB6AA-90A6-4394-817E-364A4ED88B98}.Release_RTT|x86.Build.0 = Release
		{B85DB6AA-90A6-4394-817E-364A4ED88B98}.Release|Any CPU.ActiveCfg = Release
		{B85DB6AA-90A6-4394-817E-364A4ED88B98}.Release|Any CPU.Build.0 = Release
		{B85DB6AA-90A6-4394-817E-364A4ED88B98}.Release|Mixed Platforms.ActiveCfg = Release
		{B85DB6AA-90A6-4394-817E-364A4ED88B98}.Release|Mixed Platforms.Build.0 = Release
		{B85DB6AA-90A6-4394-817E-364A4ED88B98}.Release|Win32.ActiveCfg = Release
		{B85DB6AA-90A6-4394-817E-364A4ED88B98}.Release|Win32.Build.0 = Release
		{B85DB6AA-90A6-4394-817E-364A4ED88B98}.Release|x64.ActiveCfg = Release
		{B85DB6AA-90A6-4394-817E-364A4ED88B98}.Release|x64.Build.0 = Release
		{B85DB6AA-90A6-4394-817E-364A4ED88B98}.Release|x86.ActiveCfg = Release
		{B85DB6AA-90A6-4394-817E-364A4ED88B98}.Release|x86.Build.0 = Release
		{B85DB6AA-90A6-4394-817E-364A4ED88B98}.Restricted Release|Any CPU.ActiveCfg = Release
		{B85DB6AA-90A6-4394-817E-364A4ED88B98}.Restricted Release|Any CPU.Build.0 = Release
		{B85DB6AA-90A6-4394-817E-364A4ED88B98}.Restricted Release|Mixed Platforms.ActiveCfg = Release
		{B85DB6AA-90A6-4394-817E-364A4ED88B98}.Restricted Release|Mixed Platforms.Build.0 = Release
		{B85DB6AA-90A6-4394-817E-364A4ED88B98}.Restricted Release|Win32.ActiveCfg = Release
		{B85DB6AA-90A6-4394-817E-364A4ED88B98}.Restricted Release|Win32.Build.0 = Release
		{B85DB6AA-90A6-4394-817E-364A4ED88B98}.Restricted Release|x64.ActiveCfg = Release
		{B85DB6AA-90A6-4394-817E-364A4ED88B98}.Restricted Release|x64.Build.0 = Release
		{B85DB6AA-90A6-4394-817E-364A4ED88B98}.Restricted Release|x86.ActiveCfg = Release
		{B85DB6AA-90A6-4394-817E-364A4ED88B98}.Restricted Release|x86.Build.0 = Release
		{133FBAE4-1213-41C7-B7A8-04E3D015A1B0}.Debug|Any CPU.ActiveCfg = Debug|Any CPU
		{133FBAE4-1213-41C7-B7A8-04E3D015A1B0}.Debug|Any CPU.Build.0 = Debug|Any CPU
		{133FBAE4-1213-41C7-B7A8-04E3D015A1B0}.Debug|Mixed Platforms.ActiveCfg = Debug|Any CPU
		{133FBAE4-1213-41C7-B7A8-04E3D015A1B0}.Debug|Mixed Platforms.Build.0 = Debug|Any CPU
		{133FBAE4-1213-41C7-B7A8-04E3D015A1B0}.Debug|Win32.ActiveCfg = Debug|Any CPU
		{133FBAE4-1213-41C7-B7A8-04E3D015A1B0}.Debug|x64.ActiveCfg = Debug|Any CPU
		{133FBAE4-1213-41C7-B7A8-04E3D015A1B0}.Debug|x86.ActiveCfg = Debug|Any CPU
		{133FBAE4-1213-41C7-B7A8-04E3D015A1B0}.Release_RTT|Any CPU.ActiveCfg = Release|Any CPU
		{133FBAE4-1213-41C7-B7A8-04E3D015A1B0}.Release_RTT|Any CPU.Build.0 = Release|Any CPU
		{133FBAE4-1213-41C7-B7A8-04E3D015A1B0}.Release_RTT|Mixed Platforms.ActiveCfg = Release|Any CPU
		{133FBAE4-1213-41C7-B7A8-04E3D015A1B0}.Release_RTT|Mixed Platforms.Build.0 = Release|Any CPU
		{133FBAE4-1213-41C7-B7A8-04E3D015A1B0}.Release_RTT|Win32.ActiveCfg = Release|Any CPU
		{133FBAE4-1213-41C7-B7A8-04E3D015A1B0}.Release_RTT|x64.ActiveCfg = Release|Any CPU
		{133FBAE4-1213-41C7-B7A8-04E3D015A1B0}.Release_RTT|x86.ActiveCfg = Release|Any CPU
		{133FBAE4-1213-41C7-B7A8-04E3D015A1B0}.Release|Any CPU.ActiveCfg = Release|Any CPU
		{133FBAE4-1213-41C7-B7A8-04E3D015A1B0}.Release|Any CPU.Build.0 = Release|Any CPU
		{133FBAE4-1213-41C7-B7A8-04E3D015A1B0}.Release|Mixed Platforms.ActiveCfg = Release|Any CPU
		{133FBAE4-1213-41C7-B7A8-04E3D015A1B0}.Release|Mixed Platforms.Build.0 = Release|Any CPU
		{133FBAE4-1213-41C7-B7A8-04E3D015A1B0}.Release|Win32.ActiveCfg = Release|Any CPU
		{133FBAE4-1213-41C7-B7A8-04E3D015A1B0}.Release|x64.ActiveCfg = Release|Any CPU
		{133FBAE4-1213-41C7-B7A8-04E3D015A1B0}.Release|x86.ActiveCfg = Release|Any CPU
		{133FBAE4-1213-41C7-B7A8-04E3D015A1B0}.Restricted Release|Any CPU.ActiveCfg = Release|Any CPU
		{133FBAE4-1213-41C7-B7A8-04E3D015A1B0}.Restricted Release|Any CPU.Build.0 = Release|Any CPU
		{133FBAE4-1213-41C7-B7A8-04E3D015A1B0}.Restricted Release|Mixed Platforms.ActiveCfg = Release|Any CPU
		{133FBAE4-1213-41C7-B7A8-04E3D015A1B0}.Restricted Release|Mixed Platforms.Build.0 = Release|Any CPU
		{133FBAE4-1213-41C7-B7A8-04E3D015A1B0}.Restricted Release|Win32.ActiveCfg = Release|Any CPU
		{133FBAE4-1213-41C7-B7A8-04E3D015A1B0}.Restricted Release|x64.ActiveCfg = Release|Any CPU
		{133FBAE4-1213-41C7-B7A8-04E3D015A1B0}.Restricted Release|x86.ActiveCfg = Release|Any CPU
		{1547EEA6-1D41-4059-BA0B-102CDFC5A541}.Debug|Any CPU.ActiveCfg = Debug|x86
		{1547EEA6-1D41-4059-BA0B-102CDFC5A541}.Debug|Mixed Platforms.ActiveCfg = Debug|x86
		{1547EEA6-1D41-4059-BA0B-102CDFC5A541}.Debug|Mixed Platforms.Build.0 = Debug|x86
		{1547EEA6-1D41-4059-BA0B-102CDFC5A541}.Debug|Win32.ActiveCfg = Debug|x86
		{1547EEA6-1D41-4059-BA0B-102CDFC5A541}.Debug|x64.ActiveCfg = Debug|x86
		{1547EEA6-1D41-4059-BA0B-102CDFC5A541}.Debug|x86.ActiveCfg = Debug|x86
		{1547EEA6-1D41-4059-BA0B-102CDFC5A541}.Debug|x86.Build.0 = Debug|x86
		{1547EEA6-1D41-4059-BA0B-102CDFC5A541}.Release_RTT|Any CPU.ActiveCfg = Release|x86
		{1547EEA6-1D41-4059-BA0B-102CDFC5A541}.Release_RTT|Mixed Platforms.ActiveCfg = Release|x86
		{1547EEA6-1D41-4059-BA0B-102CDFC5A541}.Release_RTT|Mixed Platforms.Build.0 = Release|x86
		{1547EEA6-1D41-4059-BA0B-102CDFC5A541}.Release_RTT|Win32.ActiveCfg = Release|x86
		{1547EEA6-1D41-4059-BA0B-102CDFC5A541}.Release_RTT|x64.ActiveCfg = Release|x86
		{1547EEA6-1D41-4059-BA0B-102CDFC5A541}.Release_RTT|x86.ActiveCfg = Release|x86
		{1547EEA6-1D41-4059-BA0B-102CDFC5A541}.Release_RTT|x86.Build.0 = Release|x86
		{1547EEA6-1D41-4059-BA0B-102CDFC5A541}.Release|Any CPU.ActiveCfg = Release|x86
		{1547EEA6-1D41-4059-BA0B-102CDFC5A541}.Release|Mixed Platforms.ActiveCfg = Release|x86
		{1547EEA6-1D41-4059-BA0B-102CDFC5A541}.Release|Mixed Platforms.Build.0 = Release|x86
		{1547EEA6-1D41-4059-BA0B-102CDFC5A541}.Release|Win32.ActiveCfg = Release|x86
		{1547EEA6-1D41-4059-BA0B-102CDFC5A541}.Release|x64.ActiveCfg = Release|x86
		{1547EEA6-1D41-4059-BA0B-102CDFC5A541}.Release|x86.ActiveCfg = Release|x86
		{1547EEA6-1D41-4059-BA0B-102CDFC5A541}.Release|x86.Build.0 = Release|x86
		{1547EEA6-1D41-4059-BA0B-102CDFC5A541}.Restricted Release|Any CPU.ActiveCfg = Release|x86
		{1547EEA6-1D41-4059-BA0B-102CDFC5A541}.Restricted Release|Mixed Platforms.ActiveCfg = Release|x86
		{1547EEA6-1D41-4059-BA0B-102CDFC5A541}.Restricted Release|Mixed Platforms.Build.0 = Release|x86
		{1547EEA6-1D41-4059-BA0B-102CDFC5A541}.Restricted Release|Win32.ActiveCfg = Release|x86
		{1547EEA6-1D41-4059-BA0B-102CDFC5A541}.Restricted Release|x64.ActiveCfg = Release|x86
		{1547EEA6-1D41-4059-BA0B-102CDFC5A541}.Restricted Release|x86.ActiveCfg = Release|x86
		{1547EEA6-1D41-4059-BA0B-102CDFC5A541}.Restricted Release|x86.Build.0 = Release|x86
		{8B184537-FB39-4E67-BF61-B3B8E27B336A}.Debug|Any CPU.ActiveCfg = Debug|Any CPU
		{8B184537-FB39-4E67-BF61-B3B8E27B336A}.Debug|Any CPU.Build.0 = Debug|Any CPU
		{8B184537-FB39-4E67-BF61-B3B8E27B336A}.Debug|Mixed Platforms.ActiveCfg = Debug|Any CPU
		{8B184537-FB39-4E67-BF61-B3B8E27B336A}.Debug|Mixed Platforms.Build.0 = Debug|Any CPU
		{8B184537-FB39-4E67-BF61-B3B8E27B336A}.Debug|Win32.ActiveCfg = Debug|Any CPU
		{8B184537-FB39-4E67-BF61-B3B8E27B336A}.Debug|x64.ActiveCfg = Debug|Any CPU
		{8B184537-FB39-4E67-BF61-B3B8E27B336A}.Debug|x86.ActiveCfg = Debug|Any CPU
		{8B184537-FB39-4E67-BF61-B3B8E27B336A}.Release_RTT|Any CPU.ActiveCfg = Release|Any CPU
		{8B184537-FB39-4E67-BF61-B3B8E27B336A}.Release_RTT|Any CPU.Build.0 = Release|Any CPU
		{8B184537-FB39-4E67-BF61-B3B8E27B336A}.Release_RTT|Mixed Platforms.ActiveCfg = Release|Any CPU
		{8B184537-FB39-4E67-BF61-B3B8E27B336A}.Release_RTT|Mixed Platforms.Build.0 = Release|Any CPU
		{8B184537-FB39-4E67-BF61-B3B8E27B336A}.Release_RTT|Win32.ActiveCfg = Release|Any CPU
		{8B184537-FB39-4E67-BF61-B3B8E27B336A}.Release_RTT|x64.ActiveCfg = Release|Any CPU
		{8B184537-FB39-4E67-BF61-B3B8E27B336A}.Release_RTT|x86.ActiveCfg = Release|Any CPU
		{8B184537-FB39-4E67-BF61-B3B8E27B336A}.Release|Any CPU.ActiveCfg = Release|Any CPU
		{8B184537-FB39-4E67-BF61-B3B8E27B336A}.Release|Any CPU.Build.0 = Release|Any CPU
		{8B184537-FB39-4E67-BF61-B3B8E27B336A}.Release|Mixed Platforms.ActiveCfg = Release|Any CPU
		{8B184537-FB39-4E67-BF61-B3B8E27B336A}.Release|Mixed Platforms.Build.0 = Release|Any CPU
		{8B184537-FB39-4E67-BF61-B3B8E27B336A}.Release|Win32.ActiveCfg = Release|Any CPU
		{8B184537-FB39-4E67-BF61-B3B8E27B336A}.Release|x64.ActiveCfg = Release|Any CPU
		{8B184537-FB39-4E67-BF61-B3B8E27B336A}.Release|x86.ActiveCfg = Release|Any CPU
		{8B184537-FB39-4E67-BF61-B3B8E27B336A}.Restricted Release|Any CPU.ActiveCfg = Release|Any CPU
		{8B184537-FB39-4E67-BF61-B3B8E27B336A}.Restricted Release|Any CPU.Build.0 = Release|Any CPU
		{8B184537-FB39-4E67-BF61-B3B8E27B336A}.Restricted Release|Mixed Platforms.ActiveCfg = Release|Any CPU
		{8B184537-FB39-4E67-BF61-B3B8E27B336A}.Restricted Release|Mixed Platforms.Build.0 = Release|Any CPU
		{8B184537-FB39-4E67-BF61-B3B8E27B336A}.Restricted Release|Win32.ActiveCfg = Release|Any CPU
		{8B184537-FB39-4E67-BF61-B3B8E27B336A}.Restricted Release|x64.ActiveCfg = Release|Any CPU
		{8B184537-FB39-4E67-BF61-B3B8E27B336A}.Restricted Release|x86.ActiveCfg = Release|Any CPU
		{22684A3D-586A-4574-BAA0-60448710758F}.Debug|Any CPU.ActiveCfg = Debug|Any CPU
		{22684A3D-586A-4574-BAA0-60448710758F}.Debug|Any CPU.Build.0 = Debug|Any CPU
		{22684A3D-586A-4574-BAA0-60448710758F}.Debug|Mixed Platforms.ActiveCfg = Debug|Any CPU
		{22684A3D-586A-4574-BAA0-60448710758F}.Debug|Mixed Platforms.Build.0 = Debug|Any CPU
		{22684A3D-586A-4574-BAA0-60448710758F}.Debug|Win32.ActiveCfg = Debug|Any CPU
		{22684A3D-586A-4574-BAA0-60448710758F}.Debug|x64.ActiveCfg = Debug|Any CPU
		{22684A3D-586A-4574-BAA0-60448710758F}.Debug|x86.ActiveCfg = Debug|Any CPU
		{22684A3D-586A-4574-BAA0-60448710758F}.Release_RTT|Any CPU.ActiveCfg = Release|Any CPU
		{22684A3D-586A-4574-BAA0-60448710758F}.Release_RTT|Any CPU.Build.0 = Release|Any CPU
		{22684A3D-586A-4574-BAA0-60448710758F}.Release_RTT|Mixed Platforms.ActiveCfg = Release|Any CPU
		{22684A3D-586A-4574-BAA0-60448710758F}.Release_RTT|Mixed Platforms.Build.0 = Release|Any CPU
		{22684A3D-586A-4574-BAA0-60448710758F}.Release_RTT|Win32.ActiveCfg = Release|Any CPU
		{22684A3D-586A-4574-BAA0-60448710758F}.Release_RTT|x64.ActiveCfg = Release|Any CPU
		{22684A3D-586A-4574-BAA0-60448710758F}.Release_RTT|x86.ActiveCfg = Release|Any CPU
		{22684A3D-586A-4574-BAA0-60448710758F}.Release|Any CPU.ActiveCfg = Release|Any CPU
		{22684A3D-586A-4574-BAA0-60448710758F}.Release|Any CPU.Build.0 = Release|Any CPU
		{22684A3D-586A-4574-BAA0-60448710758F}.Release|Mixed Platforms.ActiveCfg = Release|Any CPU
		{22684A3D-586A-4574-BAA0-60448710758F}.Release|Mixed Platforms.Build.0 = Release|Any CPU
		{22684A3D-586A-4574-BAA0-60448710758F}.Release|Win32.ActiveCfg = Release|Any CPU
		{22684A3D-586A-4574-BAA0-60448710758F}.Release|x64.ActiveCfg = Release|Any CPU
		{22684A3D-586A-4574-BAA0-60448710758F}.Release|x86.ActiveCfg = Release|Any CPU
		{22684A3D-586A-4574-BAA0-60448710758F}.Restricted Release|Any CPU.ActiveCfg = Release|Any CPU
		{22684A3D-586A-4574-BAA0-60448710758F}.Restricted Release|Any CPU.Build.0 = Release|Any CPU
		{22684A3D-586A-4574-BAA0-60448710758F}.Restricted Release|Mixed Platforms.ActiveCfg = Release|Any CPU
		{22684A3D-586A-4574-BAA0-60448710758F}.Restricted Release|Mixed Platforms.Build.0 = Release|Any CPU
		{22684A3D-586A-4574-BAA0-60448710758F}.Restricted Release|Win32.ActiveCfg = Release|Any CPU
		{22684A3D-586A-4574-BAA0-60448710758F}.Restricted Release|x64.ActiveCfg = Release|Any CPU
		{22684A3D-586A-4574-BAA0-60448710758F}.Restricted Release|x86.ActiveCfg = Release|Any CPU
		{71FC6DBF-22D2-435C-B14F-F5746BB1F6B1}.Debug|Any CPU.ActiveCfg = Debug|Any CPU
		{71FC6DBF-22D2-435C-B14F-F5746BB1F6B1}.Debug|Any CPU.Build.0 = Debug|Any CPU
		{71FC6DBF-22D2-435C-B14F-F5746BB1F6B1}.Debug|Mixed Platforms.ActiveCfg = Debug|Any CPU
		{71FC6DBF-22D2-435C-B14F-F5746BB1F6B1}.Debug|Mixed Platforms.Build.0 = Debug|Any CPU
		{71FC6DBF-22D2-435C-B14F-F5746BB1F6B1}.Debug|Win32.ActiveCfg = Debug|Any CPU
		{71FC6DBF-22D2-435C-B14F-F5746BB1F6B1}.Debug|x64.ActiveCfg = Debug|Any CPU
		{71FC6DBF-22D2-435C-B14F-F5746BB1F6B1}.Debug|x86.ActiveCfg = Debug|Any CPU
		{71FC6DBF-22D2-435C-B14F-F5746BB1F6B1}.Release_RTT|Any CPU.ActiveCfg = Release|Any CPU
		{71FC6DBF-22D2-435C-B14F-F5746BB1F6B1}.Release_RTT|Any CPU.Build.0 = Release|Any CPU
		{71FC6DBF-22D2-435C-B14F-F5746BB1F6B1}.Release_RTT|Mixed Platforms.ActiveCfg = Release|Any CPU
		{71FC6DBF-22D2-435C-B14F-F5746BB1F6B1}.Release_RTT|Mixed Platforms.Build.0 = Release|Any CPU
		{71FC6DBF-22D2-435C-B14F-F5746BB1F6B1}.Release_RTT|Win32.ActiveCfg = Release|Any CPU
		{71FC6DBF-22D2-435C-B14F-F5746BB1F6B1}.Release_RTT|x64.ActiveCfg = Release|Any CPU
		{71FC6DBF-22D2-435C-B14F-F5746BB1F6B1}.Release_RTT|x86.ActiveCfg = Release|Any CPU
		{71FC6DBF-22D2-435C-B14F-F5746BB1F6B1}.Release|Any CPU.ActiveCfg = Release|Any CPU
		{71FC6DBF-22D2-435C-B14F-F5746BB1F6B1}.Release|Any CPU.Build.0 = Release|Any CPU
		{71FC6DBF-22D2-435C-B14F-F5746BB1F6B1}.Release|Mixed Platforms.ActiveCfg = Release|Any CPU
		{71FC6DBF-22D2-435C-B14F-F5746BB1F6B1}.Release|Mixed Platforms.Build.0 = Release|Any CPU
		{71FC6DBF-22D2-435C-B14F-F5746BB1F6B1}.Release|Win32.ActiveCfg = Release|Any CPU
		{71FC6DBF-22D2-435C-B14F-F5746BB1F6B1}.Release|x64.ActiveCfg = Release|Any CPU
		{71FC6DBF-22D2-435C-B14F-F5746BB1F6B1}.Release|x86.ActiveCfg = Release|Any CPU
		{71FC6DBF-22D2-435C-B14F-F5746BB1F6B1}.Restricted Release|Any CPU.ActiveCfg = Release|Any CPU
		{71FC6DBF-22D2-435C-B14F-F5746BB1F6B1}.Restricted Release|Any CPU.Build.0 = Release|Any CPU
		{71FC6DBF-22D2-435C-B14F-F5746BB1F6B1}.Restricted Release|Mixed Platforms.ActiveCfg = Release|Any CPU
		{71FC6DBF-22D2-435C-B14F-F5746BB1F6B1}.Restricted Release|Mixed Platforms.Build.0 = Release|Any CPU
		{71FC6DBF-22D2-435C-B14F-F5746BB1F6B1}.Restricted Release|Win32.ActiveCfg = Release|Any CPU
		{71FC6DBF-22D2-435C-B14F-F5746BB1F6B1}.Restricted Release|x64.ActiveCfg = Release|Any CPU
		{71FC6DBF-22D2-435C-B14F-F5746BB1F6B1}.Restricted Release|x86.ActiveCfg = Release|Any CPU
		{9903115A-EE67-4170-B717-ACAEA00C6B14}.Debug|Any CPU.ActiveCfg = Debug|Any CPU
		{9903115A-EE67-4170-B717-ACAEA00C6B14}.Debug|Any CPU.Build.0 = Debug|Any CPU
		{9903115A-EE67-4170-B717-ACAEA00C6B14}.Debug|Mixed Platforms.ActiveCfg = Debug|x86
		{9903115A-EE67-4170-B717-ACAEA00C6B14}.Debug|Mixed Platforms.Build.0 = Debug|x86
		{9903115A-EE67-4170-B717-ACAEA00C6B14}.Debug|Win32.ActiveCfg = Debug|x86
		{9903115A-EE67-4170-B717-ACAEA00C6B14}.Debug|x64.ActiveCfg = Debug|x86
		{9903115A-EE67-4170-B717-ACAEA00C6B14}.Debug|x86.ActiveCfg = Debug|x86
		{9903115A-EE67-4170-B717-ACAEA00C6B14}.Debug|x86.Build.0 = Debug|x86
		{9903115A-EE67-4170-B717-ACAEA00C6B14}.Release_RTT|Any CPU.ActiveCfg = Release_RTT|Any CPU
		{9903115A-EE67-4170-B717-ACAEA00C6B14}.Release_RTT|Any CPU.Build.0 = Release_RTT|Any CPU
		{9903115A-EE67-4170-B717-ACAEA00C6B14}.Release_RTT|Mixed Platforms.ActiveCfg = Release_RTT|x86
		{9903115A-EE67-4170-B717-ACAEA00C6B14}.Release_RTT|Mixed Platforms.Build.0 = Release_RTT|x86
		{9903115A-EE67-4170-B717-ACAEA00C6B14}.Release_RTT|Win32.ActiveCfg = Release_RTT|x86
		{9903115A-EE67-4170-B717-ACAEA00C6B14}.Release_RTT|x64.ActiveCfg = Release_RTT|x86
		{9903115A-EE67-4170-B717-ACAEA00C6B14}.Release_RTT|x86.ActiveCfg = Release_RTT|x86
		{9903115A-EE67-4170-B717-ACAEA00C6B14}.Release_RTT|x86.Build.0 = Release_RTT|x86
		{9903115A-EE67-4170-B717-ACAEA00C6B14}.Release|Any CPU.ActiveCfg = Release|Any CPU
		{9903115A-EE67-4170-B717-ACAEA00C6B14}.Release|Any CPU.Build.0 = Release|Any CPU
		{9903115A-EE67-4170-B717-ACAEA00C6B14}.Release|Mixed Platforms.ActiveCfg = Release|x86
		{9903115A-EE67-4170-B717-ACAEA00C6B14}.Release|Mixed Platforms.Build.0 = Release|x86
		{9903115A-EE67-4170-B717-ACAEA00C6B14}.Release|Win32.ActiveCfg = Release|x86
		{9903115A-EE67-4170-B717-ACAEA00C6B14}.Release|x64.ActiveCfg = Release|x86
		{9903115A-EE67-4170-B717-ACAEA00C6B14}.Release|x86.ActiveCfg = Release|x86
		{9903115A-EE67-4170-B717-ACAEA00C6B14}.Release|x86.Build.0 = Release|x86
		{9903115A-EE67-4170-B717-ACAEA00C6B14}.Restricted Release|Any CPU.ActiveCfg = Restricted Release|Any CPU
		{9903115A-EE67-4170-B717-ACAEA00C6B14}.Restricted Release|Any CPU.Build.0 = Restricted Release|Any CPU
		{9903115A-EE67-4170-B717-ACAEA00C6B14}.Restricted Release|Mixed Platforms.ActiveCfg = Restricted Release|x86
		{9903115A-EE67-4170-B717-ACAEA00C6B14}.Restricted Release|Mixed Platforms.Build.0 = Restricted Release|x86
		{9903115A-EE67-4170-B717-ACAEA00C6B14}.Restricted Release|Win32.ActiveCfg = Restricted Release|x86
		{9903115A-EE67-4170-B717-ACAEA00C6B14}.Restricted Release|x64.ActiveCfg = Restricted Release|x86
		{9903115A-EE67-4170-B717-ACAEA00C6B14}.Restricted Release|x86.ActiveCfg = Restricted Release|x86
		{9903115A-EE67-4170-B717-ACAEA00C6B14}.Restricted Release|x86.Build.0 = Restricted Release|x86
	EndGlobalSection
	GlobalSection(SolutionProperties) = preSolution
		HideSolutionNode = FALSE
	EndGlobalSection
EndGlobal
